
Microsoft Visual Studio Solution File, Format Version 9.00
# Visual Studio 2005
Project("{8BC9CEB8-8B4A-11D0-8D11-00A0C91BC942}") = "UtilitiesLib", "..\..\..\libs\UtilitiesLib\UtilitiesLib.vcproj", "{A6741F6E-5476-4F9F-9D65-62B54AAF1D08}"
EndProject
Project("{8BC9CEB8-8B4A-11D0-8D11-00A0C91BC942}") = "coh_anim_imp_v8", "coh_anim_imp\coh_anim_imp_v8.vcproj", "{89DA085A-ACE1-4BB2-B5DD-D1B4DBDF8D32}"
	ProjectSection(ProjectDependencies) = postProject
		{A6741F6E-5476-4F9F-9D65-62B54AAF1D08} = {A6741F6E-5476-4F9F-9D65-62B54AAF1D08}
	EndProjectSection
EndProject
Project("{8BC9CEB8-8B4A-11D0-8D11-00A0C91BC942}") = "coh_anim_exp_v8", "coh_anim_exp\coh_anim_exp_v8.vcproj", "{86DA085A-A5EF-4BB2-B5DD-D1B0DBDF8D31}"
EndProject
Global
	GlobalSection(SolutionConfigurationPlatforms) = preSolution
		Beaconizer|Win32 = Beaconizer|Win32
		Beaconizer|Xbox 360 = Beaconizer|Xbox 360
		Debug|Win32 = Debug|Win32
		Debug|Xbox 360 = Debug|Xbox 360
		Full Debug|Win32 = Full Debug|Win32
		Full Debug|Xbox 360 = Full Debug|Xbox 360
		Profile|Win32 = Profile|Win32
		Profile|Xbox 360 = Profile|Xbox 360
	EndGlobalSection
	GlobalSection(ProjectConfigurationPlatforms) = postSolution
		{A6741F6E-5476-4F9F-9D65-62B54AAF1D08}.Beaconizer|Win32.ActiveCfg = Beaconizer|Win32
		{A6741F6E-5476-4F9F-9D65-62B54AAF1D08}.Beaconizer|Win32.Build.0 = Beaconizer|Win32
		{A6741F6E-5476-4F9F-9D65-62B54AAF1D08}.Beaconizer|Xbox 360.ActiveCfg = Beaconizer|Xbox 360
		{A6741F6E-5476-4F9F-9D65-62B54AAF1D08}.Beaconizer|Xbox 360.Build.0 = Beaconizer|Xbox 360
		{A6741F6E-5476-4F9F-9D65-62B54AAF1D08}.Debug|Win32.ActiveCfg = Debug|Win32
		{A6741F6E-5476-4F9F-9D65-62B54AAF1D08}.Debug|Win32.Build.0 = Debug|Win32
		{A6741F6E-5476-4F9F-9D65-62B54AAF1D08}.Debug|Xbox 360.ActiveCfg = Debug|Xbox 360
		{A6741F6E-5476-4F9F-9D65-62B54AAF1D08}.Debug|Xbox 360.Build.0 = Debug|Xbox 360
		{A6741F6E-5476-4F9F-9D65-62B54AAF1D08}.Full Debug|Win32.ActiveCfg = Full Debug|Win32
		{A6741F6E-5476-4F9F-9D65-62B54AAF1D08}.Full Debug|Win32.Build.0 = Full Debug|Win32
		{A6741F6E-5476-4F9F-9D65-62B54AAF1D08}.Full Debug|Xbox 360.ActiveCfg = Full Debug|Xbox 360
		{A6741F6E-5476-4F9F-9D65-62B54AAF1D08}.Full Debug|Xbox 360.Build.0 = Full Debug|Xbox 360
		{A6741F6E-5476-4F9F-9D65-62B54AAF1D08}.Profile|Win32.ActiveCfg = Profile|Win32
		{A6741F6E-5476-4F9F-9D65-62B54AAF1D08}.Profile|Win32.Build.0 = Profile|Win32
		{A6741F6E-5476-4F9F-9D65-62B54AAF1D08}.Profile|Xbox 360.ActiveCfg = Profile|Xbox 360
		{A6741F6E-5476-4F9F-9D65-62B54AAF1D08}.Profile|Xbox 360.Build.0 = Profile|Xbox 360
		{89DA085A-ACE1-4BB2-B5DD-D1B4DBDF8D32}.Beaconizer|Win32.ActiveCfg = Release|Win32
		{89DA085A-ACE1-4BB2-B5DD-D1B4DBDF8D32}.Beaconizer|Win32.Build.0 = Release|Win32
		{89DA085A-ACE1-4BB2-B5DD-D1B4DBDF8D32}.Beaconizer|Xbox 360.ActiveCfg = Release|Win32
		{89DA085A-ACE1-4BB2-B5DD-D1B4DBDF8D32}.Debug|Win32.ActiveCfg = Debug|Win32
		{89DA085A-ACE1-4BB2-B5DD-D1B4DBDF8D32}.Debug|Win32.Build.0 = Debug|Win32
		{89DA085A-ACE1-4BB2-B5DD-D1B4DBDF8D32}.Debug|Xbox 360.ActiveCfg = Debug|Win32
		{89DA085A-ACE1-4BB2-B5DD-D1B4DBDF8D32}.Full Debug|Win32.ActiveCfg = Debug|Win32
		{89DA085A-ACE1-4BB2-B5DD-D1B4DBDF8D32}.Full Debug|Win32.Build.0 = Debug|Win32
		{89DA085A-ACE1-4BB2-B5DD-D1B4DBDF8D32}.Full Debug|Xbox 360.ActiveCfg = Debug|Win32
		{89DA085A-ACE1-4BB2-B5DD-D1B4DBDF8D32}.Profile|Win32.ActiveCfg = Release|Win32
		{89DA085A-ACE1-4BB2-B5DD-D1B4DBDF8D32}.Profile|Win32.Build.0 = Release|Win32
		{89DA085A-ACE1-4BB2-B5DD-D1B4DBDF8D32}.Profile|Xbox 360.ActiveCfg = Release|Win32
		{86DA085A-A5EF-4BB2-B5DD-D1B0DBDF8D31}.Beaconizer|Win32.ActiveCfg = Release|Win32
		{86DA085A-A5EF-4BB2-B5DD-D1B0DBDF8D31}.Beaconizer|Win32.Build.0 = Release|Win32
		{86DA085A-A5EF-4BB2-B5DD-D1B0DBDF8D31}.Beaconizer|Xbox 360.ActiveCfg = Release|Win32
		{86DA085A-A5EF-4BB2-B5DD-D1B0DBDF8D31}.Debug|Win32.ActiveCfg = Debug|Win32
		{86DA085A-A5EF-4BB2-B5DD-D1B0DBDF8D31}.Debug|Win32.Build.0 = Debug|Win32
		{86DA085A-A5EF-4BB2-B5DD-D1B0DBDF8D31}.Debug|Xbox 360.ActiveCfg = Debug|Win32
		{86DA085A-A5EF-4BB2-B5DD-D1B0DBDF8D31}.Full Debug|Win32.ActiveCfg = Debug|Win32
		{86DA085A-A5EF-4BB2-B5DD-D1B0DBDF8D31}.Full Debug|Win32.Build.0 = Debug|Win32
		{86DA085A-A5EF-4BB2-B5DD-D1B0DBDF8D31}.Full Debug|Xbox 360.ActiveCfg = Debug|Win32
		{86DA085A-A5EF-4BB2-B5DD-D1B0DBDF8D31}.Profile|Win32.ActiveCfg = Release|Win32
		{86DA085A-A5EF-4BB2-B5DD-D1B0DBDF8D31}.Profile|Win32.Build.0 = Release|Win32
		{86DA085A-A5EF-4BB2-B5DD-D1B0DBDF8D31}.Profile|Xbox 360.ActiveCfg = Release|Win32
	EndGlobalSection
	GlobalSection(SolutionProperties) = preSolution
		HideSolutionNode = FALSE
	EndGlobalSection
EndGlobal
