Microsoft Visual Studio Solution File, Format Version 9.00
# Visual Studio 2005
Project("{8BC9CEB8-8B4A-11D0-8D11-00A0C91BC942}") = "ShardMonitor", "ShardMonitor.vcproj", "{CD8E3039-8EB6-44DE-BC3C-E801074D43E0}"
EndProject
Global
	GlobalSection(SolutionConfigurationPlatforms) = preSolution
		Debug|Win32 = Debug|Win32
		Release|Win32 = Release|Win32
	EndGlobalSection
	GlobalSection(ProjectConfigurationPlatforms) = postSolution
		{CD8E3039-8EB6-44DE-BC3C-E801074D43E0}.Debug|Win32.ActiveCfg = Debug|Win32
		{CD8E3039-8EB6-44DE-BC3C-E801074D43E0}.Debug|Win32.Build.0 = Debug|Win32
		{CD8E3039-8EB6-44DE-BC3C-E801074D43E0}.Release|Win32.ActiveCfg = Release|Win32
		{CD8E3039-8EB6-44DE-BC3C-E801074D43E0}.Release|Win32.Build.0 = Release|Win32
	EndGlobalSection
	GlobalSection(SolutionProperties) = preSolution
		HideSolutionNode = FALSE
	EndGlobalSection
EndGlobal
