<?xml version="1.0" encoding="utf-8"?>
<Project ToolsVersion="4.0" xmlns="http://schemas.microsoft.com/developer/msbuild/2003">
  <ItemGroup>
    <Filter Include="Source Files">
      <UniqueIdentifier>{4FC737F1-C7A5-4376-A066-2A32D752A2FF}</UniqueIdentifier>
      <Extensions>cpp;c;cxx;def;odl;idl;hpj;bat;asm;asmx</Extensions>
    </Filter>
    <Filter Include="External">
      <UniqueIdentifier>{e1359f73-07e7-4564-82bd-67aa89f19e90}</UniqueIdentifier>
    </Filter>
  </ItemGroup>
  <ItemGroup>
    <ClCompile Include="AsyncFileWriter.c">
      <Filter>Source Files</Filter>
    </ClCompile>
    <ClCompile Include="auctioncmds.c">
      <Filter>Source Files</Filter>
    </ClCompile>
    <ClCompile Include="AuctionDb.c">
      <Filter>Source Files</Filter>
    </ClCompile>
    <ClCompile Include="Auctionfulfill.c">
      <Filter>Source Files</Filter>
    </ClCompile>
    <ClCompile Include="auctionhistory.c">
      <Filter>Source Files</Filter>
    </ClCompile>
    <ClCompile Include="AuctionServer.c">
      <Filter>Source Files</Filter>
    </ClCompile>
    <ClCompile Include="BinHeap.c">
      <Filter>Source Files</Filter>
    </ClCompile>
    <ClCompile Include="XactLog.c">
      <Filter>Source Files</Filter>
    </ClCompile>
    <ClCompile Include="XactServer.c">
      <Filter>Source Files</Filter>
    </ClCompile>
    <ClCompile Include="..\Common\cmdparse\AppServerCmd.c">
      <Filter>External</Filter>
    </ClCompile>
    <ClCompile Include="..\Common\auction\Auction.c">
      <Filter>External</Filter>
    </ClCompile>
    <ClCompile Include="..\Common\cmdparse\cmdauction.c">
      <Filter>External</Filter>
    </ClCompile>
    <ClCompile Include="..\Common\persist\textcrcdb.c">
      <Filter>External</Filter>
    </ClCompile>
    <ClCompile Include="..\Common\persist\textcrcjournal.c">
      <Filter>External</Filter>
    </ClCompile>
    <ClCompile Include="..\Common\auction\Xact.c">
      <Filter>External</Filter>
    </ClCompile>
  </ItemGroup>
  <ItemGroup>
    <ClInclude Include="AsyncFileWriter.h">
      <Filter>Source Files</Filter>
    </ClInclude>
    <ClInclude Include="auctioncmds.h">
      <Filter>Source Files</Filter>
    </ClInclude>
    <ClInclude Include="AuctionDb.h">
      <Filter>Source Files</Filter>
    </ClInclude>
    <ClInclude Include="Auctionfulfill.h">
      <Filter>Source Files</Filter>
    </ClInclude>
    <ClInclude Include="auctionhistory.h">
      <Filter>Source Files</Filter>
    </ClInclude>
    <ClInclude Include="AuctionServer.h">
      <Filter>Source Files</Filter>
    </ClInclude>
    <ClInclude Include="BinHeap.h">
      <Filter>Source Files</Filter>
    </ClInclude>
    <ClInclude Include="XactLog.h">
      <Filter>Source Files</Filter>
    </ClInclude>
    <ClInclude Include="XactServer.h">
      <Filter>Source Files</Filter>
    </ClInclude>
    <ClInclude Include="..\Common\cmdparse\AppServerCmd.h">
      <Filter>External</Filter>
    </ClInclude>
    <ClInclude Include="..\Common\auction\Auction.h">
      <Filter>External</Filter>
    </ClInclude>
    <ClInclude Include="..\Common\cmdparse\cmdauction.h">
      <Filter>External</Filter>
    </ClInclude>
    <ClInclude Include="..\Common\cmdparse\cmdenum.h">
      <Filter>External</Filter>
    </ClInclude>
    <ClInclude Include="..\Common\entity\gametypes.h">
      <Filter>External</Filter>
    </ClInclude>
    <ClInclude Include="..\Common\persist\textcrcdb.h">
      <Filter>External</Filter>
    </ClInclude>
    <ClInclude Include="..\Common\persist\textcrcjournal.h">
      <Filter>External</Filter>
    </ClInclude>
    <ClInclude Include="..\Common\auction\Xact.h">
      <Filter>External</Filter>
    </ClInclude>
  </ItemGroup>
</Project>