
Microsoft Visual Studio Solution File, Format Version 9.00
# Visual Studio 2005
Project("{8BC9CEB8-8B4A-11D0-8D11-00A0C91BC942}") = "OGL_ext_extractor", "OGL_ext_extractor.vcproj", "{6D0FD075-3570-4D90-B9BA-FE689B151157}"
EndProject
Global
	GlobalSection(SolutionConfigurationPlatforms) = preSolution
		Debug|Win32 = Debug|Win32
		Release|Win32 = Release|Win32
	EndGlobalSection
	GlobalSection(ProjectConfigurationPlatforms) = postSolution
		{6D0FD075-3570-4D90-B9BA-FE689B151157}.Debug|Win32.ActiveCfg = Debug|Win32
		{6D0FD075-3570-4D90-B9BA-FE689B151157}.Debug|Win32.Build.0 = Debug|Win32
		{6D0FD075-3570-4D90-B9BA-FE689B151157}.Release|Win32.ActiveCfg = Release|Win32
		{6D0FD075-3570-4D90-B9BA-FE689B151157}.Release|Win32.Build.0 = Release|Win32
	EndGlobalSection
	GlobalSection(SolutionProperties) = preSolution
		HideSolutionNode = FALSE
	EndGlobalSection
EndGlobal
