Microsoft Visual Studio Solution File, Format Version 9.00
# Visual Studio 2005
Project("{8BC9CEB8-8B4A-11D0-8D11-00A0C91BC942}") = "UtilitiesLib", "..\libs\UtilitiesLib\UtilitiesLib.vcproj", "{A6741F6E-5476-4F9F-9D65-62B54AAF1D08}"
EndProject
Project("{8BC9CEB8-8B4A-11D0-8D11-00A0C91BC942}") = "MissionServer", "MissionServer.vcproj", "{D4A71A3F-8F6B-49F7-99A9-5F90FBE34814}"
	ProjectSection(ProjectDependencies) = postProject
		{A6741F6E-5476-4F9F-9D65-62B54AAF1D08} = {A6741F6E-5476-4F9F-9D65-62B54AAF1D08}
	EndProjectSection
EndProject
Global
	GlobalSection(SolutionConfigurationPlatforms) = preSolution
		Debug|Win32 = Debug|Win32
		Full Debug|Win32 = Full Debug|Win32
		Profile|Win32 = Profile|Win32
		Release|Win32 = Release|Win32
	EndGlobalSection
	GlobalSection(ProjectConfigurationPlatforms) = postSolution
		{A6741F6E-5476-4F9F-9D65-62B54AAF1D08}.Debug|Win32.ActiveCfg = Debug|Win32
		{A6741F6E-5476-4F9F-9D65-62B54AAF1D08}.Debug|Win32.Build.0 = Debug|Win32
		{A6741F6E-5476-4F9F-9D65-62B54AAF1D08}.Full Debug|Win32.ActiveCfg = Full Debug|Win32
		{A6741F6E-5476-4F9F-9D65-62B54AAF1D08}.Full Debug|Win32.Build.0 = Full Debug|Win32
		{A6741F6E-5476-4F9F-9D65-62B54AAF1D08}.Profile|Win32.ActiveCfg = Profile|Win32
		{A6741F6E-5476-4F9F-9D65-62B54AAF1D08}.Profile|Win32.Build.0 = Profile|Win32
		{A6741F6E-5476-4F9F-9D65-62B54AAF1D08}.Release|Win32.ActiveCfg = Profile|Win32
		{A6741F6E-5476-4F9F-9D65-62B54AAF1D08}.Release|Win32.Build.0 = Profile|Win32
		{D4A71A3F-8F6B-49F7-99A9-5F90FBE34814}.Debug|Win32.ActiveCfg = Debug|Win32
		{D4A71A3F-8F6B-49F7-99A9-5F90FBE34814}.Debug|Win32.Build.0 = Debug|Win32
		{D4A71A3F-8F6B-49F7-99A9-5F90FBE34814}.Full Debug|Win32.ActiveCfg = Debug|Win32
		{D4A71A3F-8F6B-49F7-99A9-5F90FBE34814}.Full Debug|Win32.Build.0 = Debug|Win32
		{D4A71A3F-8F6B-49F7-99A9-5F90FBE34814}.Profile|Win32.ActiveCfg = Debug|Win32
		{D4A71A3F-8F6B-49F7-99A9-5F90FBE34814}.Profile|Win32.Build.0 = Debug|Win32
		{D4A71A3F-8F6B-49F7-99A9-5F90FBE34814}.Release|Win32.ActiveCfg = Debug|Win32
		{D4A71A3F-8F6B-49F7-99A9-5F90FBE34814}.Release|Win32.Build.0 = Debug|Win32
	EndGlobalSection
	GlobalSection(SolutionProperties) = preSolution
		HideSolutionNode = FALSE
	EndGlobalSection
EndGlobal
