Microsoft Visual Studio Solution File, Format Version 9.00
# Visual Studio 2005
Project("{8BC9CEB8-8B4A-11D0-8D11-00A0C91BC942}") = "UtilitiesLib", "..\libs\UtilitiesLib\UtilitiesLib.vcproj", "{A6741F6E-5476-4F9F-9D65-62B54AAF1D08}"
EndProject
Project("{8BC9CEB8-8B4A-11D0-8D11-00A0C91BC942}") = "AILib", "..\libs\AILib\AILib.vcproj", "{10980900-D4E8-420B-ADE5-06AFDDD419BF}"
EndProject
Project("{8BC9CEB8-8B4A-11D0-8D11-00A0C91BC942}") = "ServerLib", "..\ServerLib\ServerLib.vcproj", "{2F9D2A8B-E163-4D96-9058-0E81BAEC16CB}"
	ProjectSection(ProjectDependencies) = postProject
		{A6741F6E-5476-4F9F-9D65-62B54AAF1D08} = {A6741F6E-5476-4F9F-9D65-62B54AAF1D08}
	EndProjectSection
EndProject
Project("{8BC9CEB8-8B4A-11D0-8D11-00A0C91BC942}") = "nvparse", "..\3rdparty\nvparse\src\tools\nvparse\nvparse.vcproj", "{531FE6FB-66BC-45CE-9E5B-46030A2C802E}"
EndProject
Project("{8BC9CEB8-8B4A-11D0-8D11-00A0C91BC942}") = "glew_static", "..\3rdparty\glew\glew-1.5.7\build\vc6\glew_static.vcproj", "{5121B709-ED48-469F-BAE0-F8FD57A4BD1F}"
EndProject
Project("{8BC9CEB8-8B4A-11D0-8D11-00A0C91BC942}") = "Accountserver_test", "..\Accountserver_test\Accountserver_test.vcproj", "{EDCF1219-4EFF-4264-805E-8AB5D7C68E49}"
	ProjectSection(ProjectDependencies) = postProject
		{A6741F6E-5476-4F9F-9D65-62B54AAF1D08} = {A6741F6E-5476-4F9F-9D65-62B54AAF1D08}
		{64A4FEFE-0461-4E95-8CC1-91EF5F57DBC6} = {64A4FEFE-0461-4E95-8CC1-91EF5F57DBC6}
	EndProjectSection
EndProject
Project("{8BC9CEB8-8B4A-11D0-8D11-00A0C91BC942}") = "ArenaServer_test", "..\ArenaServer_test\ArenaServer_test.vcproj", "{24F96379-F845-4B14-86BE-10477EA1557F}"
	ProjectSection(ProjectDependencies) = postProject
		{A6741F6E-5476-4F9F-9D65-62B54AAF1D08} = {A6741F6E-5476-4F9F-9D65-62B54AAF1D08}
		{64A4FEFE-0461-4E95-8CC1-91EF5F57DBC6} = {64A4FEFE-0461-4E95-8CC1-91EF5F57DBC6}
	EndProjectSection
EndProject
Project("{8BC9CEB8-8B4A-11D0-8D11-00A0C91BC942}") = "auctionserver_test", "..\auctionserver_test\auctionserver_test.vcproj", "{B8A7E8BE-BD22-4D7B-A953-82E1BB62D7A5}"
	ProjectSection(ProjectDependencies) = postProject
		{A6741F6E-5476-4F9F-9D65-62B54AAF1D08} = {A6741F6E-5476-4F9F-9D65-62B54AAF1D08}
		{64A4FEFE-0461-4E95-8CC1-91EF5F57DBC6} = {64A4FEFE-0461-4E95-8CC1-91EF5F57DBC6}
	EndProjectSection
EndProject
Project("{8BC9CEB8-8B4A-11D0-8D11-00A0C91BC942}") = "ChatAdmin_test", "..\ChatAdmin_test\ChatAdmin_test.vcproj", "{BEDBCC6A-23C4-441C-89A1-D775FD3A1074}"
	ProjectSection(ProjectDependencies) = postProject
		{A6741F6E-5476-4F9F-9D65-62B54AAF1D08} = {A6741F6E-5476-4F9F-9D65-62B54AAF1D08}
		{64A4FEFE-0461-4E95-8CC1-91EF5F57DBC6} = {64A4FEFE-0461-4E95-8CC1-91EF5F57DBC6}
	EndProjectSection
EndProject
Project("{8BC9CEB8-8B4A-11D0-8D11-00A0C91BC942}") = "chatserver_test", "..\chatserver_test\chatserver_test.vcproj", "{B1BBD708-B1F8-4149-BF56-EBA477632342}"
	ProjectSection(ProjectDependencies) = postProject
		{A6741F6E-5476-4F9F-9D65-62B54AAF1D08} = {A6741F6E-5476-4F9F-9D65-62B54AAF1D08}
		{64A4FEFE-0461-4E95-8CC1-91EF5F57DBC6} = {64A4FEFE-0461-4E95-8CC1-91EF5F57DBC6}
	EndProjectSection
EndProject
Project("{8BC9CEB8-8B4A-11D0-8D11-00A0C91BC942}") = "CmdRelay_test", "..\CmdRelay_test\CmdRelay_test.vcproj", "{D9E4D531-0A6D-457F-A091-8E1E3AEE6294}"
	ProjectSection(ProjectDependencies) = postProject
		{A6741F6E-5476-4F9F-9D65-62B54AAF1D08} = {A6741F6E-5476-4F9F-9D65-62B54AAF1D08}
		{64A4FEFE-0461-4E95-8CC1-91EF5F57DBC6} = {64A4FEFE-0461-4E95-8CC1-91EF5F57DBC6}
	EndProjectSection
EndProject
Project("{8BC9CEB8-8B4A-11D0-8D11-00A0C91BC942}") = "dbquery_test", "..\dbquery_test\dbquery_test.vcproj", "{23BDF6BA-DCC0-4AE4-BB8E-067CA0E3A7AC}"
	ProjectSection(ProjectDependencies) = postProject
		{A6741F6E-5476-4F9F-9D65-62B54AAF1D08} = {A6741F6E-5476-4F9F-9D65-62B54AAF1D08}
		{64A4FEFE-0461-4E95-8CC1-91EF5F57DBC6} = {64A4FEFE-0461-4E95-8CC1-91EF5F57DBC6}
	EndProjectSection
EndProject
Project("{8BC9CEB8-8B4A-11D0-8D11-00A0C91BC942}") = "dbserver_test", "..\dbserver_test\dbserver_test.vcproj", "{BA49774B-83A2-4E22-BEBB-B9317C77070E}"
	ProjectSection(ProjectDependencies) = postProject
		{A6741F6E-5476-4F9F-9D65-62B54AAF1D08} = {A6741F6E-5476-4F9F-9D65-62B54AAF1D08}
		{64A4FEFE-0461-4E95-8CC1-91EF5F57DBC6} = {64A4FEFE-0461-4E95-8CC1-91EF5F57DBC6}
	EndProjectSection
EndProject
Project("{8BC9CEB8-8B4A-11D0-8D11-00A0C91BC942}") = "game_test", "..\Game_test\Game_test.vcproj", "{0F68642D-0373-454A-A80E-808D1481F1F6}"
	ProjectSection(ProjectDependencies) = postProject
		{A6741F6E-5476-4F9F-9D65-62B54AAF1D08} = {A6741F6E-5476-4F9F-9D65-62B54AAF1D08}
		{64A4FEFE-0461-4E95-8CC1-91EF5F57DBC6} = {64A4FEFE-0461-4E95-8CC1-91EF5F57DBC6}
	EndProjectSection
EndProject
Project("{8BC9CEB8-8B4A-11D0-8D11-00A0C91BC942}") = "launcher_test", "..\launcher_test\launcher_test.vcproj", "{F8BAFDB7-4EA0-488E-931F-ACBB5F3D5E44}"
	ProjectSection(ProjectDependencies) = postProject
		{A6741F6E-5476-4F9F-9D65-62B54AAF1D08} = {A6741F6E-5476-4F9F-9D65-62B54AAF1D08}
		{64A4FEFE-0461-4E95-8CC1-91EF5F57DBC6} = {64A4FEFE-0461-4E95-8CC1-91EF5F57DBC6}
	EndProjectSection
EndProject
Project("{8BC9CEB8-8B4A-11D0-8D11-00A0C91BC942}") = "mapserver_test", "..\mapserver_test\mapserver_test.vcproj", "{74241DF3-60F0-44DE-9575-7FA202C511B2}"
	ProjectSection(ProjectDependencies) = postProject
		{A6741F6E-5476-4F9F-9D65-62B54AAF1D08} = {A6741F6E-5476-4F9F-9D65-62B54AAF1D08}
		{64A4FEFE-0461-4E95-8CC1-91EF5F57DBC6} = {64A4FEFE-0461-4E95-8CC1-91EF5F57DBC6}
	EndProjectSection
EndProject
Project("{8BC9CEB8-8B4A-11D0-8D11-00A0C91BC942}") = "MissionServer_test", "..\MissionServer_test\MissionServer_test.vcproj", "{F6A226AF-54D6-44A1-AD07-198DD47FD63C}"
	ProjectSection(ProjectDependencies) = postProject
		{A6741F6E-5476-4F9F-9D65-62B54AAF1D08} = {A6741F6E-5476-4F9F-9D65-62B54AAF1D08}
		{64A4FEFE-0461-4E95-8CC1-91EF5F57DBC6} = {64A4FEFE-0461-4E95-8CC1-91EF5F57DBC6}
	EndProjectSection
EndProject
Project("{8BC9CEB8-8B4A-11D0-8D11-00A0C91BC942}") = "QueueServer_test", "..\QueueServer_test\QueueServer_test.vcproj", "{190CD593-B1D8-40E0-B6B3-A35970BEEEFF}"
	ProjectSection(ProjectDependencies) = postProject
		{A6741F6E-5476-4F9F-9D65-62B54AAF1D08} = {A6741F6E-5476-4F9F-9D65-62B54AAF1D08}
		{64A4FEFE-0461-4E95-8CC1-91EF5F57DBC6} = {64A4FEFE-0461-4E95-8CC1-91EF5F57DBC6}
	EndProjectSection
EndProject
Project("{8BC9CEB8-8B4A-11D0-8D11-00A0C91BC942}") = "RaidServer_test", "..\RaidServer_test\RaidServer_test.vcproj", "{F8113EDA-0968-4C73-8E55-E2F04611F9D3}"
	ProjectSection(ProjectDependencies) = postProject
		{A6741F6E-5476-4F9F-9D65-62B54AAF1D08} = {A6741F6E-5476-4F9F-9D65-62B54AAF1D08}
		{64A4FEFE-0461-4E95-8CC1-91EF5F57DBC6} = {64A4FEFE-0461-4E95-8CC1-91EF5F57DBC6}
	EndProjectSection
EndProject
Project("{8BC9CEB8-8B4A-11D0-8D11-00A0C91BC942}") = "ServerLib_test", "..\ServerLib_test\ServerLib_test.vcproj", "{77DD781B-38E7-4A1E-B51D-0CB219C11334}"
	ProjectSection(ProjectDependencies) = postProject
		{A6741F6E-5476-4F9F-9D65-62B54AAF1D08} = {A6741F6E-5476-4F9F-9D65-62B54AAF1D08}
		{64A4FEFE-0461-4E95-8CC1-91EF5F57DBC6} = {64A4FEFE-0461-4E95-8CC1-91EF5F57DBC6}
		{2F9D2A8B-E163-4D96-9058-0E81BAEC16CB} = {2F9D2A8B-E163-4D96-9058-0E81BAEC16CB}
	EndProjectSection
EndProject
Project("{8BC9CEB8-8B4A-11D0-8D11-00A0C91BC942}") = "ServerMonitor_test", "..\ServerMonitor_test\ServerMonitor_test.vcproj", "{EAA91B6E-4141-476E-994B-8ECBA8AA4502}"
	ProjectSection(ProjectDependencies) = postProject
		{A6741F6E-5476-4F9F-9D65-62B54AAF1D08} = {A6741F6E-5476-4F9F-9D65-62B54AAF1D08}
		{64A4FEFE-0461-4E95-8CC1-91EF5F57DBC6} = {64A4FEFE-0461-4E95-8CC1-91EF5F57DBC6}
	EndProjectSection
EndProject
Project("{8BC9CEB8-8B4A-11D0-8D11-00A0C91BC942}") = "StatServer_test", "..\StatServer_test\StatServer_test.vcproj", "{81B384EF-2A0A-4F53-BEA1-1EC232953489}"
	ProjectSection(ProjectDependencies) = postProject
		{A6741F6E-5476-4F9F-9D65-62B54AAF1D08} = {A6741F6E-5476-4F9F-9D65-62B54AAF1D08}
		{64A4FEFE-0461-4E95-8CC1-91EF5F57DBC6} = {64A4FEFE-0461-4E95-8CC1-91EF5F57DBC6}
	EndProjectSection
EndProject
Project("{8BC9CEB8-8B4A-11D0-8D11-00A0C91BC942}") = "TestClient_test", "..\TestClient_test\TestClient_test.vcproj", "{9C04ABE7-4BDE-4D98-B6D5-E7F2F4F3EBAA}"
	ProjectSection(ProjectDependencies) = postProject
		{A6741F6E-5476-4F9F-9D65-62B54AAF1D08} = {A6741F6E-5476-4F9F-9D65-62B54AAF1D08}
		{64A4FEFE-0461-4E95-8CC1-91EF5F57DBC6} = {64A4FEFE-0461-4E95-8CC1-91EF5F57DBC6}
	EndProjectSection
EndProject
Project("{8BC9CEB8-8B4A-11D0-8D11-00A0C91BC942}") = "TestClientLauncher_test", "..\TestClientLauncher_test\TestClientLauncher_test.vcproj", "{C1C4ABCB-C616-48C0-A944-EBD35195F392}"
	ProjectSection(ProjectDependencies) = postProject
		{A6741F6E-5476-4F9F-9D65-62B54AAF1D08} = {A6741F6E-5476-4F9F-9D65-62B54AAF1D08}
		{64A4FEFE-0461-4E95-8CC1-91EF5F57DBC6} = {64A4FEFE-0461-4E95-8CC1-91EF5F57DBC6}
	EndProjectSection
EndProject
Project("{8BC9CEB8-8B4A-11D0-8D11-00A0C91BC942}") = "TurnstileServer_test", "..\TurnstileServer_test\TurnstileServer_test.vcproj", "{B9ADC38F-F4C5-488F-A4AC-3B11C5B0C3EC}"
	ProjectSection(ProjectDependencies) = postProject
		{A6741F6E-5476-4F9F-9D65-62B54AAF1D08} = {A6741F6E-5476-4F9F-9D65-62B54AAF1D08}
		{64A4FEFE-0461-4E95-8CC1-91EF5F57DBC6} = {64A4FEFE-0461-4E95-8CC1-91EF5F57DBC6}
	EndProjectSection
EndProject
Project("{8BC9CEB8-8B4A-11D0-8D11-00A0C91BC942}") = "UtilitiesLib_test", "..\UtilitiesLib_test\UtilitiesLib_test.vcproj", "{1268EAD5-20C7-4864-A3CA-FDE8A22ACBC4}"
	ProjectSection(ProjectDependencies) = postProject
		{A6741F6E-5476-4F9F-9D65-62B54AAF1D08} = {A6741F6E-5476-4F9F-9D65-62B54AAF1D08}
		{64A4FEFE-0461-4E95-8CC1-91EF5F57DBC6} = {64A4FEFE-0461-4E95-8CC1-91EF5F57DBC6}
	EndProjectSection
EndProject
Project("{8BC9CEB8-8B4A-11D0-8D11-00A0C91BC942}") = "UnitTest++", "..\3rdparty\UnitTest++\UnitTest++.vcproj", "{64A4FEFE-0461-4E95-8CC1-91EF5F57DBC6}"
EndProject
Project("{8BC9CEB8-8B4A-11D0-8D11-00A0C91BC942}") = "AILib_test", "..\AILib_test\AILib_test.vcproj", "{EC95C9FD-2DE4-4695-B673-8F796E2570FE}"
	ProjectSection(ProjectDependencies) = postProject
		{A6741F6E-5476-4F9F-9D65-62B54AAF1D08} = {A6741F6E-5476-4F9F-9D65-62B54AAF1D08}
		{64A4FEFE-0461-4E95-8CC1-91EF5F57DBC6} = {64A4FEFE-0461-4E95-8CC1-91EF5F57DBC6}
	EndProjectSection
EndProject
Global
	GlobalSection(SolutionConfigurationPlatforms) = preSolution
		Beaconizer|Win32 = Beaconizer|Win32
		Beaconizer|x64 = Beaconizer|x64
		Debug|Win32 = Debug|Win32
		Debug|x64 = Debug|x64
		Full Debug|Win32 = Full Debug|Win32
		Full Debug|x64 = Full Debug|x64
		Opt Debug|Win32 = Opt Debug|Win32
		Opt Debug|x64 = Opt Debug|x64
		Release|Win32 = Release|Win32
		Release|x64 = Release|x64
		TextClientDebug|Win32 = TextClientDebug|Win32
		TextClientDebug|x64 = TextClientDebug|x64
	EndGlobalSection
	GlobalSection(ProjectConfigurationPlatforms) = postSolution
		{A6741F6E-5476-4F9F-9D65-62B54AAF1D08}.Beaconizer|Win32.ActiveCfg = Opt Debug|Win32
		{A6741F6E-5476-4F9F-9D65-62B54AAF1D08}.Beaconizer|Win32.Build.0 = Opt Debug|Win32
		{A6741F6E-5476-4F9F-9D65-62B54AAF1D08}.Beaconizer|x64.ActiveCfg = Debug|x64
		{A6741F6E-5476-4F9F-9D65-62B54AAF1D08}.Debug|Win32.ActiveCfg = Debug|Win32
		{A6741F6E-5476-4F9F-9D65-62B54AAF1D08}.Debug|Win32.Build.0 = Debug|Win32
		{A6741F6E-5476-4F9F-9D65-62B54AAF1D08}.Debug|x64.ActiveCfg = Debug|x64
		{A6741F6E-5476-4F9F-9D65-62B54AAF1D08}.Debug|x64.Build.0 = Debug|x64
		{A6741F6E-5476-4F9F-9D65-62B54AAF1D08}.Full Debug|Win32.ActiveCfg = Full Debug|Win32
		{A6741F6E-5476-4F9F-9D65-62B54AAF1D08}.Full Debug|Win32.Build.0 = Full Debug|Win32
		{A6741F6E-5476-4F9F-9D65-62B54AAF1D08}.Full Debug|x64.ActiveCfg = Full Debug|x64
		{A6741F6E-5476-4F9F-9D65-62B54AAF1D08}.Full Debug|x64.Build.0 = Full Debug|x64
		{A6741F6E-5476-4F9F-9D65-62B54AAF1D08}.Opt Debug|Win32.ActiveCfg = Opt Debug|Win32
		{A6741F6E-5476-4F9F-9D65-62B54AAF1D08}.Opt Debug|Win32.Build.0 = Opt Debug|Win32
		{A6741F6E-5476-4F9F-9D65-62B54AAF1D08}.Opt Debug|x64.ActiveCfg = Opt Debug|x64
		{A6741F6E-5476-4F9F-9D65-62B54AAF1D08}.Opt Debug|x64.Build.0 = Opt Debug|x64
		{A6741F6E-5476-4F9F-9D65-62B54AAF1D08}.Release|Win32.ActiveCfg = Release|Win32
		{A6741F6E-5476-4F9F-9D65-62B54AAF1D08}.Release|Win32.Build.0 = Release|Win32
		{A6741F6E-5476-4F9F-9D65-62B54AAF1D08}.Release|x64.ActiveCfg = Release|x64
		{A6741F6E-5476-4F9F-9D65-62B54AAF1D08}.Release|x64.Build.0 = Release|x64
		{A6741F6E-5476-4F9F-9D65-62B54AAF1D08}.TextClientDebug|Win32.ActiveCfg = Debug|Win32
		{A6741F6E-5476-4F9F-9D65-62B54AAF1D08}.TextClientDebug|Win32.Build.0 = Debug|Win32
		{A6741F6E-5476-4F9F-9D65-62B54AAF1D08}.TextClientDebug|x64.ActiveCfg = Debug|x64
		{A6741F6E-5476-4F9F-9D65-62B54AAF1D08}.TextClientDebug|x64.Build.0 = Debug|x64
		{10980900-D4E8-420B-ADE5-06AFDDD419BF}.Beaconizer|Win32.ActiveCfg = Opt Debug|Win32
		{10980900-D4E8-420B-ADE5-06AFDDD419BF}.Beaconizer|Win32.Build.0 = Opt Debug|Win32
		{10980900-D4E8-420B-ADE5-06AFDDD419BF}.Beaconizer|x64.ActiveCfg = Debug|x64
		{10980900-D4E8-420B-ADE5-06AFDDD419BF}.Debug|Win32.ActiveCfg = Debug|Win32
		{10980900-D4E8-420B-ADE5-06AFDDD419BF}.Debug|Win32.Build.0 = Debug|Win32
		{10980900-D4E8-420B-ADE5-06AFDDD419BF}.Debug|x64.ActiveCfg = Debug|x64
		{10980900-D4E8-420B-ADE5-06AFDDD419BF}.Debug|x64.Build.0 = Debug|x64
		{10980900-D4E8-420B-ADE5-06AFDDD419BF}.Full Debug|Win32.ActiveCfg = Full Debug|Win32
		{10980900-D4E8-420B-ADE5-06AFDDD419BF}.Full Debug|Win32.Build.0 = Full Debug|Win32
		{10980900-D4E8-420B-ADE5-06AFDDD419BF}.Full Debug|x64.ActiveCfg = Full Debug|x64
		{10980900-D4E8-420B-ADE5-06AFDDD419BF}.Full Debug|x64.Build.0 = Full Debug|x64
		{10980900-D4E8-420B-ADE5-06AFDDD419BF}.Opt Debug|Win32.ActiveCfg = Opt Debug|Win32
		{10980900-D4E8-420B-ADE5-06AFDDD419BF}.Opt Debug|Win32.Build.0 = Opt Debug|Win32
		{10980900-D4E8-420B-ADE5-06AFDDD419BF}.Opt Debug|x64.ActiveCfg = Opt Debug|x64
		{10980900-D4E8-420B-ADE5-06AFDDD419BF}.Opt Debug|x64.Build.0 = Opt Debug|x64
		{10980900-D4E8-420B-ADE5-06AFDDD419BF}.Release|Win32.ActiveCfg = Release|Win32
		{10980900-D4E8-420B-ADE5-06AFDDD419BF}.Release|Win32.Build.0 = Release|Win32
		{10980900-D4E8-420B-ADE5-06AFDDD419BF}.Release|x64.ActiveCfg = Release|x64
		{10980900-D4E8-420B-ADE5-06AFDDD419BF}.Release|x64.Build.0 = Release|x64
		{10980900-D4E8-420B-ADE5-06AFDDD419BF}.TextClientDebug|Win32.ActiveCfg = Debug|Win32
		{10980900-D4E8-420B-ADE5-06AFDDD419BF}.TextClientDebug|Win32.Build.0 = Debug|Win32
		{10980900-D4E8-420B-ADE5-06AFDDD419BF}.TextClientDebug|x64.ActiveCfg = Debug|x64
		{10980900-D4E8-420B-ADE5-06AFDDD419BF}.TextClientDebug|x64.Build.0 = Debug|x64
		{2F9D2A8B-E163-4D96-9058-0E81BAEC16CB}.Beaconizer|Win32.ActiveCfg = Opt Debug|Win32
		{2F9D2A8B-E163-4D96-9058-0E81BAEC16CB}.Beaconizer|x64.ActiveCfg = Debug|x64
		{2F9D2A8B-E163-4D96-9058-0E81BAEC16CB}.Debug|Win32.ActiveCfg = Debug|Win32
		{2F9D2A8B-E163-4D96-9058-0E81BAEC16CB}.Debug|Win32.Build.0 = Debug|Win32
		{2F9D2A8B-E163-4D96-9058-0E81BAEC16CB}.Debug|x64.ActiveCfg = Debug|x64
		{2F9D2A8B-E163-4D96-9058-0E81BAEC16CB}.Debug|x64.Build.0 = Debug|x64
		{2F9D2A8B-E163-4D96-9058-0E81BAEC16CB}.Full Debug|Win32.ActiveCfg = Full Debug|Win32
		{2F9D2A8B-E163-4D96-9058-0E81BAEC16CB}.Full Debug|Win32.Build.0 = Full Debug|Win32
		{2F9D2A8B-E163-4D96-9058-0E81BAEC16CB}.Full Debug|x64.ActiveCfg = Full Debug|x64
		{2F9D2A8B-E163-4D96-9058-0E81BAEC16CB}.Full Debug|x64.Build.0 = Full Debug|x64
		{2F9D2A8B-E163-4D96-9058-0E81BAEC16CB}.Opt Debug|Win32.ActiveCfg = Opt Debug|Win32
		{2F9D2A8B-E163-4D96-9058-0E81BAEC16CB}.Opt Debug|Win32.Build.0 = Opt Debug|Win32
		{2F9D2A8B-E163-4D96-9058-0E81BAEC16CB}.Opt Debug|x64.ActiveCfg = Opt Debug|x64
		{2F9D2A8B-E163-4D96-9058-0E81BAEC16CB}.Opt Debug|x64.Build.0 = Opt Debug|x64
		{2F9D2A8B-E163-4D96-9058-0E81BAEC16CB}.Release|Win32.ActiveCfg = Opt Debug|Win32
		{2F9D2A8B-E163-4D96-9058-0E81BAEC16CB}.Release|x64.ActiveCfg = Opt Debug|x64
		{2F9D2A8B-E163-4D96-9058-0E81BAEC16CB}.TextClientDebug|Win32.ActiveCfg = Debug|Win32
		{2F9D2A8B-E163-4D96-9058-0E81BAEC16CB}.TextClientDebug|Win32.Build.0 = Debug|Win32
		{2F9D2A8B-E163-4D96-9058-0E81BAEC16CB}.TextClientDebug|x64.ActiveCfg = Debug|x64
		{2F9D2A8B-E163-4D96-9058-0E81BAEC16CB}.TextClientDebug|x64.Build.0 = Debug|x64
		{531FE6FB-66BC-45CE-9E5B-46030A2C802E}.Beaconizer|Win32.ActiveCfg = Release|Win32
		{531FE6FB-66BC-45CE-9E5B-46030A2C802E}.Beaconizer|x64.ActiveCfg = Debug|Win32
		{531FE6FB-66BC-45CE-9E5B-46030A2C802E}.Debug|Win32.ActiveCfg = Debug|Win32
		{531FE6FB-66BC-45CE-9E5B-46030A2C802E}.Debug|Win32.Build.0 = Debug|Win32
		{531FE6FB-66BC-45CE-9E5B-46030A2C802E}.Debug|x64.ActiveCfg = Debug|Win32
		{531FE6FB-66BC-45CE-9E5B-46030A2C802E}.Full Debug|Win32.ActiveCfg = Debug|Win32
		{531FE6FB-66BC-45CE-9E5B-46030A2C802E}.Full Debug|Win32.Build.0 = Debug|Win32
		{531FE6FB-66BC-45CE-9E5B-46030A2C802E}.Full Debug|x64.ActiveCfg = Debug|Win32
		{531FE6FB-66BC-45CE-9E5B-46030A2C802E}.Opt Debug|Win32.ActiveCfg = Release|Win32
		{531FE6FB-66BC-45CE-9E5B-46030A2C802E}.Opt Debug|Win32.Build.0 = Release|Win32
		{531FE6FB-66BC-45CE-9E5B-46030A2C802E}.Opt Debug|x64.ActiveCfg = Release|Win32
		{531FE6FB-66BC-45CE-9E5B-46030A2C802E}.Release|Win32.ActiveCfg = Release|Win32
		{531FE6FB-66BC-45CE-9E5B-46030A2C802E}.Release|Win32.Build.0 = Release|Win32
		{531FE6FB-66BC-45CE-9E5B-46030A2C802E}.Release|x64.ActiveCfg = Release|Win32
		{531FE6FB-66BC-45CE-9E5B-46030A2C802E}.TextClientDebug|Win32.ActiveCfg = Debug|Win32
		{531FE6FB-66BC-45CE-9E5B-46030A2C802E}.TextClientDebug|Win32.Build.0 = Debug|Win32
		{531FE6FB-66BC-45CE-9E5B-46030A2C802E}.TextClientDebug|x64.ActiveCfg = Debug|Win32
		{5121B709-ED48-469F-BAE0-F8FD57A4BD1F}.Beaconizer|Win32.ActiveCfg = Release|Win32
		{5121B709-ED48-469F-BAE0-F8FD57A4BD1F}.Beaconizer|x64.ActiveCfg = Debug|Win32
		{5121B709-ED48-469F-BAE0-F8FD57A4BD1F}.Debug|Win32.ActiveCfg = Debug|Win32
		{5121B709-ED48-469F-BAE0-F8FD57A4BD1F}.Debug|Win32.Build.0 = Debug|Win32
		{5121B709-ED48-469F-BAE0-F8FD57A4BD1F}.Debug|x64.ActiveCfg = Debug|Win32
		{5121B709-ED48-469F-BAE0-F8FD57A4BD1F}.Full Debug|Win32.ActiveCfg = Debug|Win32
		{5121B709-ED48-469F-BAE0-F8FD57A4BD1F}.Full Debug|Win32.Build.0 = Debug|Win32
		{5121B709-ED48-469F-BAE0-F8FD57A4BD1F}.Full Debug|x64.ActiveCfg = Debug|Win32
		{5121B709-ED48-469F-BAE0-F8FD57A4BD1F}.Opt Debug|Win32.ActiveCfg = Release|Win32
		{5121B709-ED48-469F-BAE0-F8FD57A4BD1F}.Opt Debug|Win32.Build.0 = Release|Win32
		{5121B709-ED48-469F-BAE0-F8FD57A4BD1F}.Opt Debug|x64.ActiveCfg = Release|Win32
		{5121B709-ED48-469F-BAE0-F8FD57A4BD1F}.Release|Win32.ActiveCfg = Release|Win32
		{5121B709-ED48-469F-BAE0-F8FD57A4BD1F}.Release|Win32.Build.0 = Release|Win32
		{5121B709-ED48-469F-BAE0-F8FD57A4BD1F}.Release|x64.ActiveCfg = Release|Win32
		{5121B709-ED48-469F-BAE0-F8FD57A4BD1F}.TextClientDebug|Win32.ActiveCfg = Debug|Win32
		{5121B709-ED48-469F-BAE0-F8FD57A4BD1F}.TextClientDebug|Win32.Build.0 = Debug|Win32
		{5121B709-ED48-469F-BAE0-F8FD57A4BD1F}.TextClientDebug|x64.ActiveCfg = Debug|Win32
		{EDCF1219-4EFF-4264-805E-8AB5D7C68E49}.Beaconizer|Win32.ActiveCfg = Opt Debug|Win32
		{EDCF1219-4EFF-4264-805E-8AB5D7C68E49}.Beaconizer|x64.ActiveCfg = Debug|x64
		{EDCF1219-4EFF-4264-805E-8AB5D7C68E49}.Debug|Win32.ActiveCfg = Debug|Win32
		{EDCF1219-4EFF-4264-805E-8AB5D7C68E49}.Debug|Win32.Build.0 = Debug|Win32
		{EDCF1219-4EFF-4264-805E-8AB5D7C68E49}.Debug|x64.ActiveCfg = Debug|x64
		{EDCF1219-4EFF-4264-805E-8AB5D7C68E49}.Debug|x64.Build.0 = Debug|x64
		{EDCF1219-4EFF-4264-805E-8AB5D7C68E49}.Full Debug|Win32.ActiveCfg = Full Debug|Win32
		{EDCF1219-4EFF-4264-805E-8AB5D7C68E49}.Full Debug|Win32.Build.0 = Full Debug|Win32
		{EDCF1219-4EFF-4264-805E-8AB5D7C68E49}.Full Debug|x64.ActiveCfg = Full Debug|x64
		{EDCF1219-4EFF-4264-805E-8AB5D7C68E49}.Full Debug|x64.Build.0 = Full Debug|x64
		{EDCF1219-4EFF-4264-805E-8AB5D7C68E49}.Opt Debug|Win32.ActiveCfg = Opt Debug|Win32
		{EDCF1219-4EFF-4264-805E-8AB5D7C68E49}.Opt Debug|Win32.Build.0 = Opt Debug|Win32
		{EDCF1219-4EFF-4264-805E-8AB5D7C68E49}.Opt Debug|x64.ActiveCfg = Opt Debug|x64
		{EDCF1219-4EFF-4264-805E-8AB5D7C68E49}.Opt Debug|x64.Build.0 = Opt Debug|x64
		{EDCF1219-4EFF-4264-805E-8AB5D7C68E49}.Release|Win32.ActiveCfg = Opt Debug|Win32
		{EDCF1219-4EFF-4264-805E-8AB5D7C68E49}.Release|x64.ActiveCfg = Opt Debug|x64
		{EDCF1219-4EFF-4264-805E-8AB5D7C68E49}.TextClientDebug|Win32.ActiveCfg = Debug|Win32
		{EDCF1219-4EFF-4264-805E-8AB5D7C68E49}.TextClientDebug|Win32.Build.0 = Debug|Win32
		{EDCF1219-4EFF-4264-805E-8AB5D7C68E49}.TextClientDebug|x64.ActiveCfg = Debug|x64
		{EDCF1219-4EFF-4264-805E-8AB5D7C68E49}.TextClientDebug|x64.Build.0 = Debug|x64
		{24F96379-F845-4B14-86BE-10477EA1557F}.Beaconizer|Win32.ActiveCfg = Opt Debug|Win32
		{24F96379-F845-4B14-86BE-10477EA1557F}.Beaconizer|x64.ActiveCfg = Debug|x64
		{24F96379-F845-4B14-86BE-10477EA1557F}.Debug|Win32.ActiveCfg = Debug|Win32
		{24F96379-F845-4B14-86BE-10477EA1557F}.Debug|Win32.Build.0 = Debug|Win32
		{24F96379-F845-4B14-86BE-10477EA1557F}.Debug|x64.ActiveCfg = Debug|x64
		{24F96379-F845-4B14-86BE-10477EA1557F}.Debug|x64.Build.0 = Debug|x64
		{24F96379-F845-4B14-86BE-10477EA1557F}.Full Debug|Win32.ActiveCfg = Full Debug|Win32
		{24F96379-F845-4B14-86BE-10477EA1557F}.Full Debug|Win32.Build.0 = Full Debug|Win32
		{24F96379-F845-4B14-86BE-10477EA1557F}.Full Debug|x64.ActiveCfg = Full Debug|x64
		{24F96379-F845-4B14-86BE-10477EA1557F}.Full Debug|x64.Build.0 = Full Debug|x64
		{24F96379-F845-4B14-86BE-10477EA1557F}.Opt Debug|Win32.ActiveCfg = Opt Debug|Win32
		{24F96379-F845-4B14-86BE-10477EA1557F}.Opt Debug|Win32.Build.0 = Opt Debug|Win32
		{24F96379-F845-4B14-86BE-10477EA1557F}.Opt Debug|x64.ActiveCfg = Opt Debug|x64
		{24F96379-F845-4B14-86BE-10477EA1557F}.Opt Debug|x64.Build.0 = Opt Debug|x64
		{24F96379-F845-4B14-86BE-10477EA1557F}.Release|Win32.ActiveCfg = Debug|Win32
		{24F96379-F845-4B14-86BE-10477EA1557F}.Release|x64.ActiveCfg = Debug|x64
		{24F96379-F845-4B14-86BE-10477EA1557F}.TextClientDebug|Win32.ActiveCfg = Debug|Win32
		{24F96379-F845-4B14-86BE-10477EA1557F}.TextClientDebug|Win32.Build.0 = Debug|Win32
		{24F96379-F845-4B14-86BE-10477EA1557F}.TextClientDebug|x64.ActiveCfg = Debug|x64
		{24F96379-F845-4B14-86BE-10477EA1557F}.TextClientDebug|x64.Build.0 = Debug|x64
		{B8A7E8BE-BD22-4D7B-A953-82E1BB62D7A5}.Beaconizer|Win32.ActiveCfg = Opt Debug|Win32
		{B8A7E8BE-BD22-4D7B-A953-82E1BB62D7A5}.Beaconizer|x64.ActiveCfg = Debug|x64
		{B8A7E8BE-BD22-4D7B-A953-82E1BB62D7A5}.Debug|Win32.ActiveCfg = Debug|Win32
		{B8A7E8BE-BD22-4D7B-A953-82E1BB62D7A5}.Debug|Win32.Build.0 = Debug|Win32
		{B8A7E8BE-BD22-4D7B-A953-82E1BB62D7A5}.Debug|x64.ActiveCfg = Debug|x64
		{B8A7E8BE-BD22-4D7B-A953-82E1BB62D7A5}.Debug|x64.Build.0 = Debug|x64
		{B8A7E8BE-BD22-4D7B-A953-82E1BB62D7A5}.Full Debug|Win32.ActiveCfg = Full Debug|Win32
		{B8A7E8BE-BD22-4D7B-A953-82E1BB62D7A5}.Full Debug|Win32.Build.0 = Full Debug|Win32
		{B8A7E8BE-BD22-4D7B-A953-82E1BB62D7A5}.Full Debug|x64.ActiveCfg = Full Debug|x64
		{B8A7E8BE-BD22-4D7B-A953-82E1BB62D7A5}.Full Debug|x64.Build.0 = Full Debug|x64
		{B8A7E8BE-BD22-4D7B-A953-82E1BB62D7A5}.Opt Debug|Win32.ActiveCfg = Opt Debug|Win32
		{B8A7E8BE-BD22-4D7B-A953-82E1BB62D7A5}.Opt Debug|Win32.Build.0 = Opt Debug|Win32
		{B8A7E8BE-BD22-4D7B-A953-82E1BB62D7A5}.Opt Debug|x64.ActiveCfg = Opt Debug|x64
		{B8A7E8BE-BD22-4D7B-A953-82E1BB62D7A5}.Opt Debug|x64.Build.0 = Opt Debug|x64
		{B8A7E8BE-BD22-4D7B-A953-82E1BB62D7A5}.Release|Win32.ActiveCfg = Debug|Win32
		{B8A7E8BE-BD22-4D7B-A953-82E1BB62D7A5}.Release|x64.ActiveCfg = Debug|x64
		{B8A7E8BE-BD22-4D7B-A953-82E1BB62D7A5}.TextClientDebug|Win32.ActiveCfg = Debug|Win32
		{B8A7E8BE-BD22-4D7B-A953-82E1BB62D7A5}.TextClientDebug|Win32.Build.0 = Debug|Win32
		{B8A7E8BE-BD22-4D7B-A953-82E1BB62D7A5}.TextClientDebug|x64.ActiveCfg = Debug|x64
		{B8A7E8BE-BD22-4D7B-A953-82E1BB62D7A5}.TextClientDebug|x64.Build.0 = Debug|x64
		{BEDBCC6A-23C4-441C-89A1-D775FD3A1074}.Beaconizer|Win32.ActiveCfg = Debug|Win32
		{BEDBCC6A-23C4-441C-89A1-D775FD3A1074}.Beaconizer|x64.ActiveCfg = Debug|Win32
		{BEDBCC6A-23C4-441C-89A1-D775FD3A1074}.Debug|Win32.ActiveCfg = Debug|Win32
		{BEDBCC6A-23C4-441C-89A1-D775FD3A1074}.Debug|Win32.Build.0 = Debug|Win32
		{BEDBCC6A-23C4-441C-89A1-D775FD3A1074}.Debug|x64.ActiveCfg = Debug|Win32
		{BEDBCC6A-23C4-441C-89A1-D775FD3A1074}.Full Debug|Win32.ActiveCfg = Debug|Win32
		{BEDBCC6A-23C4-441C-89A1-D775FD3A1074}.Full Debug|x64.ActiveCfg = Debug|Win32
		{BEDBCC6A-23C4-441C-89A1-D775FD3A1074}.Opt Debug|Win32.ActiveCfg = Debug|Win32
		{BEDBCC6A-23C4-441C-89A1-D775FD3A1074}.Opt Debug|x64.ActiveCfg = Debug|Win32
		{BEDBCC6A-23C4-441C-89A1-D775FD3A1074}.Release|Win32.ActiveCfg = Debug|Win32
		{BEDBCC6A-23C4-441C-89A1-D775FD3A1074}.Release|x64.ActiveCfg = Debug|Win32
		{BEDBCC6A-23C4-441C-89A1-D775FD3A1074}.TextClientDebug|Win32.ActiveCfg = Debug|Win32
		{BEDBCC6A-23C4-441C-89A1-D775FD3A1074}.TextClientDebug|Win32.Build.0 = Debug|Win32
		{BEDBCC6A-23C4-441C-89A1-D775FD3A1074}.TextClientDebug|x64.ActiveCfg = Debug|Win32
		{B1BBD708-B1F8-4149-BF56-EBA477632342}.Beaconizer|Win32.ActiveCfg = Opt Debug|Win32
		{B1BBD708-B1F8-4149-BF56-EBA477632342}.Beaconizer|x64.ActiveCfg = Debug|x64
		{B1BBD708-B1F8-4149-BF56-EBA477632342}.Debug|Win32.ActiveCfg = Debug|Win32
		{B1BBD708-B1F8-4149-BF56-EBA477632342}.Debug|Win32.Build.0 = Debug|Win32
		{B1BBD708-B1F8-4149-BF56-EBA477632342}.Debug|x64.ActiveCfg = Debug|x64
		{B1BBD708-B1F8-4149-BF56-EBA477632342}.Debug|x64.Build.0 = Debug|x64
		{B1BBD708-B1F8-4149-BF56-EBA477632342}.Full Debug|Win32.ActiveCfg = Full Debug|Win32
		{B1BBD708-B1F8-4149-BF56-EBA477632342}.Full Debug|Win32.Build.0 = Full Debug|Win32
		{B1BBD708-B1F8-4149-BF56-EBA477632342}.Full Debug|x64.ActiveCfg = Full Debug|x64
		{B1BBD708-B1F8-4149-BF56-EBA477632342}.Full Debug|x64.Build.0 = Full Debug|x64
		{B1BBD708-B1F8-4149-BF56-EBA477632342}.Opt Debug|Win32.ActiveCfg = Opt Debug|Win32
		{B1BBD708-B1F8-4149-BF56-EBA477632342}.Opt Debug|Win32.Build.0 = Opt Debug|Win32
		{B1BBD708-B1F8-4149-BF56-EBA477632342}.Opt Debug|x64.ActiveCfg = Opt Debug|x64
		{B1BBD708-B1F8-4149-BF56-EBA477632342}.Opt Debug|x64.Build.0 = Opt Debug|x64
		{B1BBD708-B1F8-4149-BF56-EBA477632342}.Release|Win32.ActiveCfg = Debug|Win32
		{B1BBD708-B1F8-4149-BF56-EBA477632342}.Release|x64.ActiveCfg = Debug|x64
		{B1BBD708-B1F8-4149-BF56-EBA477632342}.TextClientDebug|Win32.ActiveCfg = Debug|Win32
		{B1BBD708-B1F8-4149-BF56-EBA477632342}.TextClientDebug|Win32.Build.0 = Debug|Win32
		{B1BBD708-B1F8-4149-BF56-EBA477632342}.TextClientDebug|x64.ActiveCfg = Debug|x64
		{B1BBD708-B1F8-4149-BF56-EBA477632342}.TextClientDebug|x64.Build.0 = Debug|x64
		{D9E4D531-0A6D-457F-A091-8E1E3AEE6294}.Beaconizer|Win32.ActiveCfg = Debug|Win32
		{D9E4D531-0A6D-457F-A091-8E1E3AEE6294}.Beaconizer|x64.ActiveCfg = Debug|Win32
		{D9E4D531-0A6D-457F-A091-8E1E3AEE6294}.Debug|Win32.ActiveCfg = Debug|Win32
		{D9E4D531-0A6D-457F-A091-8E1E3AEE6294}.Debug|Win32.Build.0 = Debug|Win32
		{D9E4D531-0A6D-457F-A091-8E1E3AEE6294}.Debug|x64.ActiveCfg = Debug|Win32
		{D9E4D531-0A6D-457F-A091-8E1E3AEE6294}.Full Debug|Win32.ActiveCfg = Debug|Win32
		{D9E4D531-0A6D-457F-A091-8E1E3AEE6294}.Full Debug|x64.ActiveCfg = Debug|Win32
		{D9E4D531-0A6D-457F-A091-8E1E3AEE6294}.Opt Debug|Win32.ActiveCfg = Debug|Win32
		{D9E4D531-0A6D-457F-A091-8E1E3AEE6294}.Opt Debug|x64.ActiveCfg = Debug|Win32
		{D9E4D531-0A6D-457F-A091-8E1E3AEE6294}.Release|Win32.ActiveCfg = Debug|Win32
		{D9E4D531-0A6D-457F-A091-8E1E3AEE6294}.Release|x64.ActiveCfg = Debug|Win32
		{D9E4D531-0A6D-457F-A091-8E1E3AEE6294}.TextClientDebug|Win32.ActiveCfg = Debug|Win32
		{D9E4D531-0A6D-457F-A091-8E1E3AEE6294}.TextClientDebug|Win32.Build.0 = Debug|Win32
		{D9E4D531-0A6D-457F-A091-8E1E3AEE6294}.TextClientDebug|x64.ActiveCfg = Debug|Win32
		{23BDF6BA-DCC0-4AE4-BB8E-067CA0E3A7AC}.Beaconizer|Win32.ActiveCfg = Opt Debug|Win32
		{23BDF6BA-DCC0-4AE4-BB8E-067CA0E3A7AC}.Beaconizer|x64.ActiveCfg = Debug|x64
		{23BDF6BA-DCC0-4AE4-BB8E-067CA0E3A7AC}.Debug|Win32.ActiveCfg = Debug|Win32
		{23BDF6BA-DCC0-4AE4-BB8E-067CA0E3A7AC}.Debug|Win32.Build.0 = Debug|Win32
		{23BDF6BA-DCC0-4AE4-BB8E-067CA0E3A7AC}.Debug|x64.ActiveCfg = Debug|x64
		{23BDF6BA-DCC0-4AE4-BB8E-067CA0E3A7AC}.Debug|x64.Build.0 = Debug|x64
		{23BDF6BA-DCC0-4AE4-BB8E-067CA0E3A7AC}.Full Debug|Win32.ActiveCfg = Full Debug|Win32
		{23BDF6BA-DCC0-4AE4-BB8E-067CA0E3A7AC}.Full Debug|Win32.Build.0 = Full Debug|Win32
		{23BDF6BA-DCC0-4AE4-BB8E-067CA0E3A7AC}.Full Debug|x64.ActiveCfg = Full Debug|x64
		{23BDF6BA-DCC0-4AE4-BB8E-067CA0E3A7AC}.Full Debug|x64.Build.0 = Full Debug|x64
		{23BDF6BA-DCC0-4AE4-BB8E-067CA0E3A7AC}.Opt Debug|Win32.ActiveCfg = Opt Debug|Win32
		{23BDF6BA-DCC0-4AE4-BB8E-067CA0E3A7AC}.Opt Debug|Win32.Build.0 = Opt Debug|Win32
		{23BDF6BA-DCC0-4AE4-BB8E-067CA0E3A7AC}.Opt Debug|x64.ActiveCfg = Opt Debug|x64
		{23BDF6BA-DCC0-4AE4-BB8E-067CA0E3A7AC}.Opt Debug|x64.Build.0 = Opt Debug|x64
		{23BDF6BA-DCC0-4AE4-BB8E-067CA0E3A7AC}.Release|Win32.ActiveCfg = Full Debug|Win32
		{23BDF6BA-DCC0-4AE4-BB8E-067CA0E3A7AC}.Release|x64.ActiveCfg = Full Debug|x64
		{23BDF6BA-DCC0-4AE4-BB8E-067CA0E3A7AC}.TextClientDebug|Win32.ActiveCfg = Debug|Win32
		{23BDF6BA-DCC0-4AE4-BB8E-067CA0E3A7AC}.TextClientDebug|Win32.Build.0 = Debug|Win32
		{23BDF6BA-DCC0-4AE4-BB8E-067CA0E3A7AC}.TextClientDebug|x64.ActiveCfg = Debug|x64
		{23BDF6BA-DCC0-4AE4-BB8E-067CA0E3A7AC}.TextClientDebug|x64.Build.0 = Debug|x64
		{BA49774B-83A2-4E22-BEBB-B9317C77070E}.Beaconizer|Win32.ActiveCfg = Opt Debug|Win32
		{BA49774B-83A2-4E22-BEBB-B9317C77070E}.Beaconizer|x64.ActiveCfg = Debug|x64
		{BA49774B-83A2-4E22-BEBB-B9317C77070E}.Debug|Win32.ActiveCfg = Debug|Win32
		{BA49774B-83A2-4E22-BEBB-B9317C77070E}.Debug|Win32.Build.0 = Debug|Win32
		{BA49774B-83A2-4E22-BEBB-B9317C77070E}.Debug|x64.ActiveCfg = Debug|x64
		{BA49774B-83A2-4E22-BEBB-B9317C77070E}.Debug|x64.Build.0 = Debug|x64
		{BA49774B-83A2-4E22-BEBB-B9317C77070E}.Full Debug|Win32.ActiveCfg = Full Debug|Win32
		{BA49774B-83A2-4E22-BEBB-B9317C77070E}.Full Debug|Win32.Build.0 = Full Debug|Win32
		{BA49774B-83A2-4E22-BEBB-B9317C77070E}.Full Debug|x64.ActiveCfg = Full Debug|x64
		{BA49774B-83A2-4E22-BEBB-B9317C77070E}.Full Debug|x64.Build.0 = Full Debug|x64
		{BA49774B-83A2-4E22-BEBB-B9317C77070E}.Opt Debug|Win32.ActiveCfg = Opt Debug|Win32
		{BA49774B-83A2-4E22-BEBB-B9317C77070E}.Opt Debug|Win32.Build.0 = Opt Debug|Win32
		{BA49774B-83A2-4E22-BEBB-B9317C77070E}.Opt Debug|x64.ActiveCfg = Opt Debug|x64
		{BA49774B-83A2-4E22-BEBB-B9317C77070E}.Opt Debug|x64.Build.0 = Opt Debug|x64
		{BA49774B-83A2-4E22-BEBB-B9317C77070E}.Release|Win32.ActiveCfg = Release|Win32
		{BA49774B-83A2-4E22-BEBB-B9317C77070E}.Release|Win32.Build.0 = Release|Win32
		{BA49774B-83A2-4E22-BEBB-B9317C77070E}.Release|x64.ActiveCfg = Release|x64
		{BA49774B-83A2-4E22-BEBB-B9317C77070E}.Release|x64.Build.0 = Release|x64
		{BA49774B-83A2-4E22-BEBB-B9317C77070E}.TextClientDebug|Win32.ActiveCfg = Debug|Win32
		{BA49774B-83A2-4E22-BEBB-B9317C77070E}.TextClientDebug|Win32.Build.0 = Debug|Win32
		{BA49774B-83A2-4E22-BEBB-B9317C77070E}.TextClientDebug|x64.ActiveCfg = Debug|x64
		{BA49774B-83A2-4E22-BEBB-B9317C77070E}.TextClientDebug|x64.Build.0 = Debug|x64
		{0F68642D-0373-454A-A80E-808D1481F1F6}.Beaconizer|Win32.ActiveCfg = Opt Debug|Win32
		{0F68642D-0373-454A-A80E-808D1481F1F6}.Beaconizer|x64.ActiveCfg = Debug|Win32
		{0F68642D-0373-454A-A80E-808D1481F1F6}.Debug|Win32.ActiveCfg = Debug|Win32
		{0F68642D-0373-454A-A80E-808D1481F1F6}.Debug|Win32.Build.0 = Debug|Win32
		{0F68642D-0373-454A-A80E-808D1481F1F6}.Debug|x64.ActiveCfg = Debug|Win32
		{0F68642D-0373-454A-A80E-808D1481F1F6}.Full Debug|Win32.ActiveCfg = Full Debug|Win32
		{0F68642D-0373-454A-A80E-808D1481F1F6}.Full Debug|Win32.Build.0 = Full Debug|Win32
		{0F68642D-0373-454A-A80E-808D1481F1F6}.Full Debug|x64.ActiveCfg = Full Debug|Win32
		{0F68642D-0373-454A-A80E-808D1481F1F6}.Opt Debug|Win32.ActiveCfg = Opt Debug|Win32
		{0F68642D-0373-454A-A80E-808D1481F1F6}.Opt Debug|Win32.Build.0 = Opt Debug|Win32
		{0F68642D-0373-454A-A80E-808D1481F1F6}.Opt Debug|x64.ActiveCfg = Opt Debug|Win32
		{0F68642D-0373-454A-A80E-808D1481F1F6}.Release|Win32.ActiveCfg = Release|Win32
		{0F68642D-0373-454A-A80E-808D1481F1F6}.Release|Win32.Build.0 = Release|Win32
		{0F68642D-0373-454A-A80E-808D1481F1F6}.Release|x64.ActiveCfg = Release|Win32
		{0F68642D-0373-454A-A80E-808D1481F1F6}.TextClientDebug|Win32.ActiveCfg = Debug|Win32
		{0F68642D-0373-454A-A80E-808D1481F1F6}.TextClientDebug|Win32.Build.0 = Debug|Win32
		{0F68642D-0373-454A-A80E-808D1481F1F6}.TextClientDebug|x64.ActiveCfg = Debug|Win32
		{F8BAFDB7-4EA0-488E-931F-ACBB5F3D5E44}.Beaconizer|Win32.ActiveCfg = Opt Debug|Win32
		{F8BAFDB7-4EA0-488E-931F-ACBB5F3D5E44}.Beaconizer|x64.ActiveCfg = Debug|x64
		{F8BAFDB7-4EA0-488E-931F-ACBB5F3D5E44}.Debug|Win32.ActiveCfg = Debug|Win32
		{F8BAFDB7-4EA0-488E-931F-ACBB5F3D5E44}.Debug|Win32.Build.0 = Debug|Win32
		{F8BAFDB7-4EA0-488E-931F-ACBB5F3D5E44}.Debug|x64.ActiveCfg = Debug|x64
		{F8BAFDB7-4EA0-488E-931F-ACBB5F3D5E44}.Debug|x64.Build.0 = Debug|x64
		{F8BAFDB7-4EA0-488E-931F-ACBB5F3D5E44}.Full Debug|Win32.ActiveCfg = Full Debug|Win32
		{F8BAFDB7-4EA0-488E-931F-ACBB5F3D5E44}.Full Debug|Win32.Build.0 = Full Debug|Win32
		{F8BAFDB7-4EA0-488E-931F-ACBB5F3D5E44}.Full Debug|x64.ActiveCfg = Full Debug|x64
		{F8BAFDB7-4EA0-488E-931F-ACBB5F3D5E44}.Full Debug|x64.Build.0 = Full Debug|x64
		{F8BAFDB7-4EA0-488E-931F-ACBB5F3D5E44}.Opt Debug|Win32.ActiveCfg = Opt Debug|Win32
		{F8BAFDB7-4EA0-488E-931F-ACBB5F3D5E44}.Opt Debug|Win32.Build.0 = Opt Debug|Win32
		{F8BAFDB7-4EA0-488E-931F-ACBB5F3D5E44}.Opt Debug|x64.ActiveCfg = Opt Debug|x64
		{F8BAFDB7-4EA0-488E-931F-ACBB5F3D5E44}.Opt Debug|x64.Build.0 = Opt Debug|x64
		{F8BAFDB7-4EA0-488E-931F-ACBB5F3D5E44}.Release|Win32.ActiveCfg = Debug|Win32
		{F8BAFDB7-4EA0-488E-931F-ACBB5F3D5E44}.Release|x64.ActiveCfg = Debug|x64
		{F8BAFDB7-4EA0-488E-931F-ACBB5F3D5E44}.TextClientDebug|Win32.ActiveCfg = Debug|Win32
		{F8BAFDB7-4EA0-488E-931F-ACBB5F3D5E44}.TextClientDebug|Win32.Build.0 = Debug|Win32
		{F8BAFDB7-4EA0-488E-931F-ACBB5F3D5E44}.TextClientDebug|x64.ActiveCfg = Debug|x64
		{F8BAFDB7-4EA0-488E-931F-ACBB5F3D5E44}.TextClientDebug|x64.Build.0 = Debug|x64
		{74241DF3-60F0-44DE-9575-7FA202C511B2}.Beaconizer|Win32.ActiveCfg = Beaconizer|Win32
		{74241DF3-60F0-44DE-9575-7FA202C511B2}.Beaconizer|Win32.Build.0 = Beaconizer|Win32
		{74241DF3-60F0-44DE-9575-7FA202C511B2}.Beaconizer|x64.ActiveCfg = Beaconizer|Win32
		{74241DF3-60F0-44DE-9575-7FA202C511B2}.Debug|Win32.ActiveCfg = Debug|Win32
		{74241DF3-60F0-44DE-9575-7FA202C511B2}.Debug|Win32.Build.0 = Debug|Win32
		{74241DF3-60F0-44DE-9575-7FA202C511B2}.Debug|x64.ActiveCfg = Debug|Win32
		{74241DF3-60F0-44DE-9575-7FA202C511B2}.Full Debug|Win32.ActiveCfg = Full Debug|Win32
		{74241DF3-60F0-44DE-9575-7FA202C511B2}.Full Debug|Win32.Build.0 = Full Debug|Win32
		{74241DF3-60F0-44DE-9575-7FA202C511B2}.Full Debug|x64.ActiveCfg = Full Debug|Win32
		{74241DF3-60F0-44DE-9575-7FA202C511B2}.Opt Debug|Win32.ActiveCfg = Opt Debug|Win32
		{74241DF3-60F0-44DE-9575-7FA202C511B2}.Opt Debug|Win32.Build.0 = Opt Debug|Win32
		{74241DF3-60F0-44DE-9575-7FA202C511B2}.Opt Debug|x64.ActiveCfg = Opt Debug|Win32
		{74241DF3-60F0-44DE-9575-7FA202C511B2}.Release|Win32.ActiveCfg = Release|Win32
		{74241DF3-60F0-44DE-9575-7FA202C511B2}.Release|Win32.Build.0 = Release|Win32
		{74241DF3-60F0-44DE-9575-7FA202C511B2}.Release|x64.ActiveCfg = Release|Win32
		{74241DF3-60F0-44DE-9575-7FA202C511B2}.TextClientDebug|Win32.ActiveCfg = Debug|Win32
		{74241DF3-60F0-44DE-9575-7FA202C511B2}.TextClientDebug|Win32.Build.0 = Debug|Win32
		{74241DF3-60F0-44DE-9575-7FA202C511B2}.TextClientDebug|x64.ActiveCfg = Debug|Win32
		{F6A226AF-54D6-44A1-AD07-198DD47FD63C}.Beaconizer|Win32.ActiveCfg = Opt Debug|Win32
		{F6A226AF-54D6-44A1-AD07-198DD47FD63C}.Beaconizer|x64.ActiveCfg = Debug|x64
		{F6A226AF-54D6-44A1-AD07-198DD47FD63C}.Debug|Win32.ActiveCfg = Debug|Win32
		{F6A226AF-54D6-44A1-AD07-198DD47FD63C}.Debug|Win32.Build.0 = Debug|Win32
		{F6A226AF-54D6-44A1-AD07-198DD47FD63C}.Debug|x64.ActiveCfg = Debug|x64
		{F6A226AF-54D6-44A1-AD07-198DD47FD63C}.Debug|x64.Build.0 = Debug|x64
		{F6A226AF-54D6-44A1-AD07-198DD47FD63C}.Full Debug|Win32.ActiveCfg = Full Debug|Win32
		{F6A226AF-54D6-44A1-AD07-198DD47FD63C}.Full Debug|Win32.Build.0 = Full Debug|Win32
		{F6A226AF-54D6-44A1-AD07-198DD47FD63C}.Full Debug|x64.ActiveCfg = Full Debug|x64
		{F6A226AF-54D6-44A1-AD07-198DD47FD63C}.Full Debug|x64.Build.0 = Full Debug|x64
		{F6A226AF-54D6-44A1-AD07-198DD47FD63C}.Opt Debug|Win32.ActiveCfg = Opt Debug|Win32
		{F6A226AF-54D6-44A1-AD07-198DD47FD63C}.Opt Debug|Win32.Build.0 = Opt Debug|Win32
		{F6A226AF-54D6-44A1-AD07-198DD47FD63C}.Opt Debug|x64.ActiveCfg = Opt Debug|x64
		{F6A226AF-54D6-44A1-AD07-198DD47FD63C}.Opt Debug|x64.Build.0 = Opt Debug|x64
		{F6A226AF-54D6-44A1-AD07-198DD47FD63C}.Release|Win32.ActiveCfg = Debug|Win32
		{F6A226AF-54D6-44A1-AD07-198DD47FD63C}.Release|x64.ActiveCfg = Debug|x64
		{F6A226AF-54D6-44A1-AD07-198DD47FD63C}.TextClientDebug|Win32.ActiveCfg = Debug|Win32
		{F6A226AF-54D6-44A1-AD07-198DD47FD63C}.TextClientDebug|Win32.Build.0 = Debug|Win32
		{F6A226AF-54D6-44A1-AD07-198DD47FD63C}.TextClientDebug|x64.ActiveCfg = Debug|x64
		{F6A226AF-54D6-44A1-AD07-198DD47FD63C}.TextClientDebug|x64.Build.0 = Debug|x64
		{190CD593-B1D8-40E0-B6B3-A35970BEEEFF}.Beaconizer|Win32.ActiveCfg = Opt Debug|Win32
		{190CD593-B1D8-40E0-B6B3-A35970BEEEFF}.Beaconizer|x64.ActiveCfg = Debug|x64
		{190CD593-B1D8-40E0-B6B3-A35970BEEEFF}.Debug|Win32.ActiveCfg = Debug|Win32
		{190CD593-B1D8-40E0-B6B3-A35970BEEEFF}.Debug|Win32.Build.0 = Debug|Win32
		{190CD593-B1D8-40E0-B6B3-A35970BEEEFF}.Debug|x64.ActiveCfg = Debug|x64
		{190CD593-B1D8-40E0-B6B3-A35970BEEEFF}.Debug|x64.Build.0 = Debug|x64
		{190CD593-B1D8-40E0-B6B3-A35970BEEEFF}.Full Debug|Win32.ActiveCfg = Full Debug|Win32
		{190CD593-B1D8-40E0-B6B3-A35970BEEEFF}.Full Debug|Win32.Build.0 = Full Debug|Win32
		{190CD593-B1D8-40E0-B6B3-A35970BEEEFF}.Full Debug|x64.ActiveCfg = Full Debug|x64
		{190CD593-B1D8-40E0-B6B3-A35970BEEEFF}.Full Debug|x64.Build.0 = Full Debug|x64
		{190CD593-B1D8-40E0-B6B3-A35970BEEEFF}.Opt Debug|Win32.ActiveCfg = Opt Debug|Win32
		{190CD593-B1D8-40E0-B6B3-A35970BEEEFF}.Opt Debug|Win32.Build.0 = Opt Debug|Win32
		{190CD593-B1D8-40E0-B6B3-A35970BEEEFF}.Opt Debug|x64.ActiveCfg = Opt Debug|x64
		{190CD593-B1D8-40E0-B6B3-A35970BEEEFF}.Opt Debug|x64.Build.0 = Opt Debug|x64
		{190CD593-B1D8-40E0-B6B3-A35970BEEEFF}.Release|Win32.ActiveCfg = Debug|Win32
		{190CD593-B1D8-40E0-B6B3-A35970BEEEFF}.Release|x64.ActiveCfg = Debug|x64
		{190CD593-B1D8-40E0-B6B3-A35970BEEEFF}.TextClientDebug|Win32.ActiveCfg = Debug|Win32
		{190CD593-B1D8-40E0-B6B3-A35970BEEEFF}.TextClientDebug|Win32.Build.0 = Debug|Win32
		{190CD593-B1D8-40E0-B6B3-A35970BEEEFF}.TextClientDebug|x64.ActiveCfg = Debug|x64
		{190CD593-B1D8-40E0-B6B3-A35970BEEEFF}.TextClientDebug|x64.Build.0 = Debug|x64
		{F8113EDA-0968-4C73-8E55-E2F04611F9D3}.Beaconizer|Win32.ActiveCfg = Opt Debug|Win32
		{F8113EDA-0968-4C73-8E55-E2F04611F9D3}.Beaconizer|x64.ActiveCfg = Debug|x64
		{F8113EDA-0968-4C73-8E55-E2F04611F9D3}.Debug|Win32.ActiveCfg = Debug|Win32
		{F8113EDA-0968-4C73-8E55-E2F04611F9D3}.Debug|Win32.Build.0 = Debug|Win32
		{F8113EDA-0968-4C73-8E55-E2F04611F9D3}.Debug|x64.ActiveCfg = Debug|x64
		{F8113EDA-0968-4C73-8E55-E2F04611F9D3}.Debug|x64.Build.0 = Debug|x64
		{F8113EDA-0968-4C73-8E55-E2F04611F9D3}.Full Debug|Win32.ActiveCfg = Full Debug|Win32
		{F8113EDA-0968-4C73-8E55-E2F04611F9D3}.Full Debug|Win32.Build.0 = Full Debug|Win32
		{F8113EDA-0968-4C73-8E55-E2F04611F9D3}.Full Debug|x64.ActiveCfg = Full Debug|x64
		{F8113EDA-0968-4C73-8E55-E2F04611F9D3}.Full Debug|x64.Build.0 = Full Debug|x64
		{F8113EDA-0968-4C73-8E55-E2F04611F9D3}.Opt Debug|Win32.ActiveCfg = Opt Debug|Win32
		{F8113EDA-0968-4C73-8E55-E2F04611F9D3}.Opt Debug|Win32.Build.0 = Opt Debug|Win32
		{F8113EDA-0968-4C73-8E55-E2F04611F9D3}.Opt Debug|x64.ActiveCfg = Opt Debug|x64
		{F8113EDA-0968-4C73-8E55-E2F04611F9D3}.Opt Debug|x64.Build.0 = Opt Debug|x64
		{F8113EDA-0968-4C73-8E55-E2F04611F9D3}.Release|Win32.ActiveCfg = Debug|Win32
		{F8113EDA-0968-4C73-8E55-E2F04611F9D3}.Release|x64.ActiveCfg = Debug|x64
		{F8113EDA-0968-4C73-8E55-E2F04611F9D3}.TextClientDebug|Win32.ActiveCfg = Debug|Win32
		{F8113EDA-0968-4C73-8E55-E2F04611F9D3}.TextClientDebug|Win32.Build.0 = Debug|Win32
		{F8113EDA-0968-4C73-8E55-E2F04611F9D3}.TextClientDebug|x64.ActiveCfg = Debug|x64
		{F8113EDA-0968-4C73-8E55-E2F04611F9D3}.TextClientDebug|x64.Build.0 = Debug|x64
		{77DD781B-38E7-4A1E-B51D-0CB219C11334}.Beaconizer|Win32.ActiveCfg = Opt Debug|Win32
		{77DD781B-38E7-4A1E-B51D-0CB219C11334}.Beaconizer|x64.ActiveCfg = Debug|x64
		{77DD781B-38E7-4A1E-B51D-0CB219C11334}.Debug|Win32.ActiveCfg = Debug|Win32
		{77DD781B-38E7-4A1E-B51D-0CB219C11334}.Debug|Win32.Build.0 = Debug|Win32
		{77DD781B-38E7-4A1E-B51D-0CB219C11334}.Debug|x64.ActiveCfg = Debug|x64
		{77DD781B-38E7-4A1E-B51D-0CB219C11334}.Debug|x64.Build.0 = Debug|x64
		{77DD781B-38E7-4A1E-B51D-0CB219C11334}.Full Debug|Win32.ActiveCfg = Full Debug|Win32
		{77DD781B-38E7-4A1E-B51D-0CB219C11334}.Full Debug|Win32.Build.0 = Full Debug|Win32
		{77DD781B-38E7-4A1E-B51D-0CB219C11334}.Full Debug|x64.ActiveCfg = Full Debug|x64
		{77DD781B-38E7-4A1E-B51D-0CB219C11334}.Full Debug|x64.Build.0 = Full Debug|x64
		{77DD781B-38E7-4A1E-B51D-0CB219C11334}.Opt Debug|Win32.ActiveCfg = Opt Debug|Win32
		{77DD781B-38E7-4A1E-B51D-0CB219C11334}.Opt Debug|Win32.Build.0 = Opt Debug|Win32
		{77DD781B-38E7-4A1E-B51D-0CB219C11334}.Opt Debug|x64.ActiveCfg = Opt Debug|x64
		{77DD781B-38E7-4A1E-B51D-0CB219C11334}.Opt Debug|x64.Build.0 = Opt Debug|x64
		{77DD781B-38E7-4A1E-B51D-0CB219C11334}.Release|Win32.ActiveCfg = Debug|Win32
		{77DD781B-38E7-4A1E-B51D-0CB219C11334}.Release|x64.ActiveCfg = Debug|x64
		{77DD781B-38E7-4A1E-B51D-0CB219C11334}.TextClientDebug|Win32.ActiveCfg = Debug|Win32
		{77DD781B-38E7-4A1E-B51D-0CB219C11334}.TextClientDebug|Win32.Build.0 = Debug|Win32
		{77DD781B-38E7-4A1E-B51D-0CB219C11334}.TextClientDebug|x64.ActiveCfg = Debug|x64
		{77DD781B-38E7-4A1E-B51D-0CB219C11334}.TextClientDebug|x64.Build.0 = Debug|x64
		{EAA91B6E-4141-476E-994B-8ECBA8AA4502}.Beaconizer|Win32.ActiveCfg = Opt Debug|Win32
		{EAA91B6E-4141-476E-994B-8ECBA8AA4502}.Beaconizer|x64.ActiveCfg = Debug|x64
		{EAA91B6E-4141-476E-994B-8ECBA8AA4502}.Debug|Win32.ActiveCfg = Debug|Win32
		{EAA91B6E-4141-476E-994B-8ECBA8AA4502}.Debug|Win32.Build.0 = Debug|Win32
		{EAA91B6E-4141-476E-994B-8ECBA8AA4502}.Debug|x64.ActiveCfg = Debug|x64
		{EAA91B6E-4141-476E-994B-8ECBA8AA4502}.Debug|x64.Build.0 = Debug|x64
		{EAA91B6E-4141-476E-994B-8ECBA8AA4502}.Full Debug|Win32.ActiveCfg = Full Debug|Win32
		{EAA91B6E-4141-476E-994B-8ECBA8AA4502}.Full Debug|Win32.Build.0 = Full Debug|Win32
		{EAA91B6E-4141-476E-994B-8ECBA8AA4502}.Full Debug|x64.ActiveCfg = Full Debug|x64
		{EAA91B6E-4141-476E-994B-8ECBA8AA4502}.Full Debug|x64.Build.0 = Full Debug|x64
		{EAA91B6E-4141-476E-994B-8ECBA8AA4502}.Opt Debug|Win32.ActiveCfg = Opt Debug|Win32
		{EAA91B6E-4141-476E-994B-8ECBA8AA4502}.Opt Debug|Win32.Build.0 = Opt Debug|Win32
		{EAA91B6E-4141-476E-994B-8ECBA8AA4502}.Opt Debug|x64.ActiveCfg = Opt Debug|x64
		{EAA91B6E-4141-476E-994B-8ECBA8AA4502}.Opt Debug|x64.Build.0 = Opt Debug|x64
		{EAA91B6E-4141-476E-994B-8ECBA8AA4502}.Release|Win32.ActiveCfg = Full Debug|Win32
		{EAA91B6E-4141-476E-994B-8ECBA8AA4502}.Release|x64.ActiveCfg = Full Debug|x64
		{EAA91B6E-4141-476E-994B-8ECBA8AA4502}.TextClientDebug|Win32.ActiveCfg = Debug|Win32
		{EAA91B6E-4141-476E-994B-8ECBA8AA4502}.TextClientDebug|Win32.Build.0 = Debug|Win32
		{EAA91B6E-4141-476E-994B-8ECBA8AA4502}.TextClientDebug|x64.ActiveCfg = Debug|x64
		{EAA91B6E-4141-476E-994B-8ECBA8AA4502}.TextClientDebug|x64.Build.0 = Debug|x64
		{81B384EF-2A0A-4F53-BEA1-1EC232953489}.Beaconizer|Win32.ActiveCfg = Opt Debug|Win32
		{81B384EF-2A0A-4F53-BEA1-1EC232953489}.Beaconizer|x64.ActiveCfg = Debug|x64
		{81B384EF-2A0A-4F53-BEA1-1EC232953489}.Debug|Win32.ActiveCfg = Debug|Win32
		{81B384EF-2A0A-4F53-BEA1-1EC232953489}.Debug|Win32.Build.0 = Debug|Win32
		{81B384EF-2A0A-4F53-BEA1-1EC232953489}.Debug|x64.ActiveCfg = Debug|x64
		{81B384EF-2A0A-4F53-BEA1-1EC232953489}.Debug|x64.Build.0 = Debug|x64
		{81B384EF-2A0A-4F53-BEA1-1EC232953489}.Full Debug|Win32.ActiveCfg = Full Debug|Win32
		{81B384EF-2A0A-4F53-BEA1-1EC232953489}.Full Debug|Win32.Build.0 = Full Debug|Win32
		{81B384EF-2A0A-4F53-BEA1-1EC232953489}.Full Debug|x64.ActiveCfg = Full Debug|x64
		{81B384EF-2A0A-4F53-BEA1-1EC232953489}.Full Debug|x64.Build.0 = Full Debug|x64
		{81B384EF-2A0A-4F53-BEA1-1EC232953489}.Opt Debug|Win32.ActiveCfg = Opt Debug|Win32
		{81B384EF-2A0A-4F53-BEA1-1EC232953489}.Opt Debug|Win32.Build.0 = Opt Debug|Win32
		{81B384EF-2A0A-4F53-BEA1-1EC232953489}.Opt Debug|x64.ActiveCfg = Opt Debug|x64
		{81B384EF-2A0A-4F53-BEA1-1EC232953489}.Opt Debug|x64.Build.0 = Opt Debug|x64
		{81B384EF-2A0A-4F53-BEA1-1EC232953489}.Release|Win32.ActiveCfg = Debug|Win32
		{81B384EF-2A0A-4F53-BEA1-1EC232953489}.Release|x64.ActiveCfg = Debug|x64
		{81B384EF-2A0A-4F53-BEA1-1EC232953489}.TextClientDebug|Win32.ActiveCfg = Debug|Win32
		{81B384EF-2A0A-4F53-BEA1-1EC232953489}.TextClientDebug|Win32.Build.0 = Debug|Win32
		{81B384EF-2A0A-4F53-BEA1-1EC232953489}.TextClientDebug|x64.ActiveCfg = Debug|x64
		{81B384EF-2A0A-4F53-BEA1-1EC232953489}.TextClientDebug|x64.Build.0 = Debug|x64
		{9C04ABE7-4BDE-4D98-B6D5-E7F2F4F3EBAA}.Beaconizer|Win32.ActiveCfg = Opt Debug|Win32
		{9C04ABE7-4BDE-4D98-B6D5-E7F2F4F3EBAA}.Beaconizer|x64.ActiveCfg = Debug|Win32
		{9C04ABE7-4BDE-4D98-B6D5-E7F2F4F3EBAA}.Debug|Win32.ActiveCfg = Debug|Win32
		{9C04ABE7-4BDE-4D98-B6D5-E7F2F4F3EBAA}.Debug|Win32.Build.0 = Debug|Win32
		{9C04ABE7-4BDE-4D98-B6D5-E7F2F4F3EBAA}.Debug|x64.ActiveCfg = Debug|Win32
		{9C04ABE7-4BDE-4D98-B6D5-E7F2F4F3EBAA}.Full Debug|Win32.ActiveCfg = Full Debug|Win32
		{9C04ABE7-4BDE-4D98-B6D5-E7F2F4F3EBAA}.Full Debug|Win32.Build.0 = Full Debug|Win32
		{9C04ABE7-4BDE-4D98-B6D5-E7F2F4F3EBAA}.Full Debug|x64.ActiveCfg = Full Debug|Win32
		{9C04ABE7-4BDE-4D98-B6D5-E7F2F4F3EBAA}.Opt Debug|Win32.ActiveCfg = Opt Debug|Win32
		{9C04ABE7-4BDE-4D98-B6D5-E7F2F4F3EBAA}.Opt Debug|Win32.Build.0 = Opt Debug|Win32
		{9C04ABE7-4BDE-4D98-B6D5-E7F2F4F3EBAA}.Opt Debug|x64.ActiveCfg = Opt Debug|Win32
		{9C04ABE7-4BDE-4D98-B6D5-E7F2F4F3EBAA}.Release|Win32.ActiveCfg = Debug|Win32
		{9C04ABE7-4BDE-4D98-B6D5-E7F2F4F3EBAA}.Release|x64.ActiveCfg = Debug|Win32
		{9C04ABE7-4BDE-4D98-B6D5-E7F2F4F3EBAA}.TextClientDebug|Win32.ActiveCfg = TextClientDebug|Win32
		{9C04ABE7-4BDE-4D98-B6D5-E7F2F4F3EBAA}.TextClientDebug|Win32.Build.0 = TextClientDebug|Win32
		{9C04ABE7-4BDE-4D98-B6D5-E7F2F4F3EBAA}.TextClientDebug|x64.ActiveCfg = TextClientDebug|Win32
		{C1C4ABCB-C616-48C0-A944-EBD35195F392}.Beaconizer|Win32.ActiveCfg = Opt Debug|Win32
		{C1C4ABCB-C616-48C0-A944-EBD35195F392}.Beaconizer|x64.ActiveCfg = Debug|Win32
		{C1C4ABCB-C616-48C0-A944-EBD35195F392}.Debug|Win32.ActiveCfg = Debug|Win32
		{C1C4ABCB-C616-48C0-A944-EBD35195F392}.Debug|Win32.Build.0 = Debug|Win32
		{C1C4ABCB-C616-48C0-A944-EBD35195F392}.Debug|x64.ActiveCfg = Debug|Win32
		{C1C4ABCB-C616-48C0-A944-EBD35195F392}.Full Debug|Win32.ActiveCfg = Full Debug|Win32
		{C1C4ABCB-C616-48C0-A944-EBD35195F392}.Full Debug|Win32.Build.0 = Full Debug|Win32
		{C1C4ABCB-C616-48C0-A944-EBD35195F392}.Full Debug|x64.ActiveCfg = Full Debug|Win32
		{C1C4ABCB-C616-48C0-A944-EBD35195F392}.Opt Debug|Win32.ActiveCfg = Opt Debug|Win32
		{C1C4ABCB-C616-48C0-A944-EBD35195F392}.Opt Debug|Win32.Build.0 = Opt Debug|Win32
		{C1C4ABCB-C616-48C0-A944-EBD35195F392}.Opt Debug|x64.ActiveCfg = Debug|Win32
		{C1C4ABCB-C616-48C0-A944-EBD35195F392}.Release|Win32.ActiveCfg = Debug|Win32
		{C1C4ABCB-C616-48C0-A944-EBD35195F392}.Release|x64.ActiveCfg = Debug|Win32
		{C1C4ABCB-C616-48C0-A944-EBD35195F392}.TextClientDebug|Win32.ActiveCfg = TextClientDebug|Win32
		{C1C4ABCB-C616-48C0-A944-EBD35195F392}.TextClientDebug|Win32.Build.0 = TextClientDebug|Win32
		{C1C4ABCB-C616-48C0-A944-EBD35195F392}.TextClientDebug|x64.ActiveCfg = TextClientDebug|Win32
		{B9ADC38F-F4C5-488F-A4AC-3B11C5B0C3EC}.Beaconizer|Win32.ActiveCfg = Opt Debug|Win32
		{B9ADC38F-F4C5-488F-A4AC-3B11C5B0C3EC}.Beaconizer|x64.ActiveCfg = Debug|x64
		{B9ADC38F-F4C5-488F-A4AC-3B11C5B0C3EC}.Debug|Win32.ActiveCfg = Debug|Win32
		{B9ADC38F-F4C5-488F-A4AC-3B11C5B0C3EC}.Debug|Win32.Build.0 = Debug|Win32
		{B9ADC38F-F4C5-488F-A4AC-3B11C5B0C3EC}.Debug|x64.ActiveCfg = Debug|x64
		{B9ADC38F-F4C5-488F-A4AC-3B11C5B0C3EC}.Debug|x64.Build.0 = Debug|x64
		{B9ADC38F-F4C5-488F-A4AC-3B11C5B0C3EC}.Full Debug|Win32.ActiveCfg = Full Debug|Win32
		{B9ADC38F-F4C5-488F-A4AC-3B11C5B0C3EC}.Full Debug|Win32.Build.0 = Full Debug|Win32
		{B9ADC38F-F4C5-488F-A4AC-3B11C5B0C3EC}.Full Debug|x64.ActiveCfg = Full Debug|x64
		{B9ADC38F-F4C5-488F-A4AC-3B11C5B0C3EC}.Full Debug|x64.Build.0 = Full Debug|x64
		{B9ADC38F-F4C5-488F-A4AC-3B11C5B0C3EC}.Opt Debug|Win32.ActiveCfg = Opt Debug|Win32
		{B9ADC38F-F4C5-488F-A4AC-3B11C5B0C3EC}.Opt Debug|Win32.Build.0 = Opt Debug|Win32
		{B9ADC38F-F4C5-488F-A4AC-3B11C5B0C3EC}.Opt Debug|x64.ActiveCfg = Opt Debug|x64
		{B9ADC38F-F4C5-488F-A4AC-3B11C5B0C3EC}.Opt Debug|x64.Build.0 = Opt Debug|x64
		{B9ADC38F-F4C5-488F-A4AC-3B11C5B0C3EC}.Release|Win32.ActiveCfg = Debug|Win32
		{B9ADC38F-F4C5-488F-A4AC-3B11C5B0C3EC}.Release|x64.ActiveCfg = Debug|x64
		{B9ADC38F-F4C5-488F-A4AC-3B11C5B0C3EC}.TextClientDebug|Win32.ActiveCfg = Debug|Win32
		{B9ADC38F-F4C5-488F-A4AC-3B11C5B0C3EC}.TextClientDebug|Win32.Build.0 = Debug|Win32
		{B9ADC38F-F4C5-488F-A4AC-3B11C5B0C3EC}.TextClientDebug|x64.ActiveCfg = Debug|x64
		{B9ADC38F-F4C5-488F-A4AC-3B11C5B0C3EC}.TextClientDebug|x64.Build.0 = Debug|x64
		{1268EAD5-20C7-4864-A3CA-FDE8A22ACBC4}.Beaconizer|Win32.ActiveCfg = Opt Debug|Win32
		{1268EAD5-20C7-4864-A3CA-FDE8A22ACBC4}.Beaconizer|x64.ActiveCfg = Debug|x64
		{1268EAD5-20C7-4864-A3CA-FDE8A22ACBC4}.Debug|Win32.ActiveCfg = Debug|Win32
		{1268EAD5-20C7-4864-A3CA-FDE8A22ACBC4}.Debug|Win32.Build.0 = Debug|Win32
		{1268EAD5-20C7-4864-A3CA-FDE8A22ACBC4}.Debug|x64.ActiveCfg = Debug|x64
		{1268EAD5-20C7-4864-A3CA-FDE8A22ACBC4}.Debug|x64.Build.0 = Debug|x64
		{1268EAD5-20C7-4864-A3CA-FDE8A22ACBC4}.Full Debug|Win32.ActiveCfg = Full Debug|Win32
		{1268EAD5-20C7-4864-A3CA-FDE8A22ACBC4}.Full Debug|Win32.Build.0 = Full Debug|Win32
		{1268EAD5-20C7-4864-A3CA-FDE8A22ACBC4}.Full Debug|x64.ActiveCfg = Full Debug|x64
		{1268EAD5-20C7-4864-A3CA-FDE8A22ACBC4}.Full Debug|x64.Build.0 = Full Debug|x64
		{1268EAD5-20C7-4864-A3CA-FDE8A22ACBC4}.Opt Debug|Win32.ActiveCfg = Opt Debug|Win32
		{1268EAD5-20C7-4864-A3CA-FDE8A22ACBC4}.Opt Debug|Win32.Build.0 = Opt Debug|Win32
		{1268EAD5-20C7-4864-A3CA-FDE8A22ACBC4}.Opt Debug|x64.ActiveCfg = Opt Debug|x64
		{1268EAD5-20C7-4864-A3CA-FDE8A22ACBC4}.Opt Debug|x64.Build.0 = Opt Debug|x64
		{1268EAD5-20C7-4864-A3CA-FDE8A22ACBC4}.Release|Win32.ActiveCfg = Release|Win32
		{1268EAD5-20C7-4864-A3CA-FDE8A22ACBC4}.Release|Win32.Build.0 = Release|Win32
		{1268EAD5-20C7-4864-A3CA-FDE8A22ACBC4}.Release|x64.ActiveCfg = Release|x64
		{1268EAD5-20C7-4864-A3CA-FDE8A22ACBC4}.Release|x64.Build.0 = Release|x64
		{1268EAD5-20C7-4864-A3CA-FDE8A22ACBC4}.TextClientDebug|Win32.ActiveCfg = Debug|Win32
		{1268EAD5-20C7-4864-A3CA-FDE8A22ACBC4}.TextClientDebug|Win32.Build.0 = Debug|Win32
		{1268EAD5-20C7-4864-A3CA-FDE8A22ACBC4}.TextClientDebug|x64.ActiveCfg = Debug|x64
		{1268EAD5-20C7-4864-A3CA-FDE8A22ACBC4}.TextClientDebug|x64.Build.0 = Debug|x64
		{64A4FEFE-0461-4E95-8CC1-91EF5F57DBC6}.Beaconizer|Win32.ActiveCfg = Opt Debug|Win32
		{64A4FEFE-0461-4E95-8CC1-91EF5F57DBC6}.Beaconizer|Win32.Build.0 = Opt Debug|Win32
		{64A4FEFE-0461-4E95-8CC1-91EF5F57DBC6}.Beaconizer|x64.ActiveCfg = Debug|x64
		{64A4FEFE-0461-4E95-8CC1-91EF5F57DBC6}.Debug|Win32.ActiveCfg = Debug|Win32
		{64A4FEFE-0461-4E95-8CC1-91EF5F57DBC6}.Debug|Win32.Build.0 = Debug|Win32
		{64A4FEFE-0461-4E95-8CC1-91EF5F57DBC6}.Debug|x64.ActiveCfg = Debug|x64
		{64A4FEFE-0461-4E95-8CC1-91EF5F57DBC6}.Debug|x64.Build.0 = Debug|x64
		{64A4FEFE-0461-4E95-8CC1-91EF5F57DBC6}.Full Debug|Win32.ActiveCfg = Full Debug|Win32
		{64A4FEFE-0461-4E95-8CC1-91EF5F57DBC6}.Full Debug|Win32.Build.0 = Full Debug|Win32
		{64A4FEFE-0461-4E95-8CC1-91EF5F57DBC6}.Full Debug|x64.ActiveCfg = Full Debug|x64
		{64A4FEFE-0461-4E95-8CC1-91EF5F57DBC6}.Full Debug|x64.Build.0 = Full Debug|x64
		{64A4FEFE-0461-4E95-8CC1-91EF5F57DBC6}.Opt Debug|Win32.ActiveCfg = Opt Debug|Win32
		{64A4FEFE-0461-4E95-8CC1-91EF5F57DBC6}.Opt Debug|Win32.Build.0 = Opt Debug|Win32
		{64A4FEFE-0461-4E95-8CC1-91EF5F57DBC6}.Opt Debug|x64.ActiveCfg = Opt Debug|x64
		{64A4FEFE-0461-4E95-8CC1-91EF5F57DBC6}.Opt Debug|x64.Build.0 = Opt Debug|x64
		{64A4FEFE-0461-4E95-8CC1-91EF5F57DBC6}.Release|Win32.ActiveCfg = Release|Win32
		{64A4FEFE-0461-4E95-8CC1-91EF5F57DBC6}.Release|Win32.Build.0 = Release|Win32
		{64A4FEFE-0461-4E95-8CC1-91EF5F57DBC6}.Release|x64.ActiveCfg = Release|x64
		{64A4FEFE-0461-4E95-8CC1-91EF5F57DBC6}.Release|x64.Build.0 = Release|x64
		{64A4FEFE-0461-4E95-8CC1-91EF5F57DBC6}.TextClientDebug|Win32.ActiveCfg = TextClientDebug|Win32
		{64A4FEFE-0461-4E95-8CC1-91EF5F57DBC6}.TextClientDebug|Win32.Build.0 = TextClientDebug|Win32
		{64A4FEFE-0461-4E95-8CC1-91EF5F57DBC6}.TextClientDebug|x64.ActiveCfg = TextClientDebug|x64
		{64A4FEFE-0461-4E95-8CC1-91EF5F57DBC6}.TextClientDebug|x64.Build.0 = TextClientDebug|x64
		{EC95C9FD-2DE4-4695-B673-8F796E2570FE}.Beaconizer|Win32.ActiveCfg = Opt Debug|Win32
		{EC95C9FD-2DE4-4695-B673-8F796E2570FE}.Beaconizer|x64.ActiveCfg = Debug|x64
		{EC95C9FD-2DE4-4695-B673-8F796E2570FE}.Debug|Win32.ActiveCfg = Debug|Win32
		{EC95C9FD-2DE4-4695-B673-8F796E2570FE}.Debug|Win32.Build.0 = Debug|Win32
		{EC95C9FD-2DE4-4695-B673-8F796E2570FE}.Debug|x64.ActiveCfg = Debug|x64
		{EC95C9FD-2DE4-4695-B673-8F796E2570FE}.Debug|x64.Build.0 = Debug|x64
		{EC95C9FD-2DE4-4695-B673-8F796E2570FE}.Full Debug|Win32.ActiveCfg = Full Debug|Win32
		{EC95C9FD-2DE4-4695-B673-8F796E2570FE}.Full Debug|Win32.Build.0 = Full Debug|Win32
		{EC95C9FD-2DE4-4695-B673-8F796E2570FE}.Full Debug|x64.ActiveCfg = Full Debug|x64
		{EC95C9FD-2DE4-4695-B673-8F796E2570FE}.Full Debug|x64.Build.0 = Full Debug|x64
		{EC95C9FD-2DE4-4695-B673-8F796E2570FE}.Opt Debug|Win32.ActiveCfg = Opt Debug|Win32
		{EC95C9FD-2DE4-4695-B673-8F796E2570FE}.Opt Debug|Win32.Build.0 = Opt Debug|Win32
		{EC95C9FD-2DE4-4695-B673-8F796E2570FE}.Opt Debug|x64.ActiveCfg = Opt Debug|x64
		{EC95C9FD-2DE4-4695-B673-8F796E2570FE}.Opt Debug|x64.Build.0 = Opt Debug|x64
		{EC95C9FD-2DE4-4695-B673-8F796E2570FE}.Release|Win32.ActiveCfg = Opt Debug|Win32
		{EC95C9FD-2DE4-4695-B673-8F796E2570FE}.Release|x64.ActiveCfg = Opt Debug|x64
		{EC95C9FD-2DE4-4695-B673-8F796E2570FE}.TextClientDebug|Win32.ActiveCfg = Debug|Win32
		{EC95C9FD-2DE4-4695-B673-8F796E2570FE}.TextClientDebug|Win32.Build.0 = Debug|Win32
		{EC95C9FD-2DE4-4695-B673-8F796E2570FE}.TextClientDebug|x64.ActiveCfg = Debug|x64
		{EC95C9FD-2DE4-4695-B673-8F796E2570FE}.TextClientDebug|x64.Build.0 = Debug|x64
	EndGlobalSection
	GlobalSection(SolutionProperties) = preSolution
		HideSolutionNode = FALSE
	EndGlobalSection
EndGlobal
