Microsoft Visual Studio Solution File, Format Version 9.00
# Visual Studio 2005
Project("{8BC9CEB8-8B4A-11D0-8D11-00A0C91BC942}") = "chatserver", "chatserver.vcproj", "{C54CC920-C5D6-4CF5-809B-CFAB3D19C8CD}"
	ProjectSection(ProjectDependencies) = postProject
		{A6741F6E-5476-4F9F-9D65-62B54AAF1D08} = {A6741F6E-5476-4F9F-9D65-62B54AAF1D08}
	EndProjectSection
EndProject
Project("{8BC9CEB8-8B4A-11D0-8D11-00A0C91BC942}") = "publink", "..\publink\publink.vcproj", "{F750F4CB-EC64-424F-9764-2E6D553A9C5F}"
	ProjectSection(ProjectDependencies) = postProject
		{A6741F6E-5476-4F9F-9D65-62B54AAF1D08} = {A6741F6E-5476-4F9F-9D65-62B54AAF1D08}
	EndProjectSection
EndProject
Project("{8BC9CEB8-8B4A-11D0-8D11-00A0C91BC942}") = "UtilitiesLib", "..\libs\UtilitiesLib\UtilitiesLib.vcproj", "{A6741F6E-5476-4F9F-9D65-62B54AAF1D08}"
EndProject
Global
	GlobalSection(SolutionConfigurationPlatforms) = preSolution
		Debug|Win32 = Debug|Win32
		Full Debug|Win32 = Full Debug|Win32
		Profile|Win32 = Profile|Win32
		Release|Win32 = Release|Win32
	EndGlobalSection
	GlobalSection(ProjectConfigurationPlatforms) = postSolution
		{C54CC920-C5D6-4CF5-809B-CFAB3D19C8CD}.Debug|Win32.ActiveCfg = Debug|Win32
		{C54CC920-C5D6-4CF5-809B-CFAB3D19C8CD}.Debug|Win32.Build.0 = Debug|Win32
		{C54CC920-C5D6-4CF5-809B-CFAB3D19C8CD}.Full Debug|Win32.ActiveCfg = Debug|Win32
		{C54CC920-C5D6-4CF5-809B-CFAB3D19C8CD}.Full Debug|Win32.Build.0 = Debug|Win32
		{C54CC920-C5D6-4CF5-809B-CFAB3D19C8CD}.Profile|Win32.ActiveCfg = Release|Win32
		{C54CC920-C5D6-4CF5-809B-CFAB3D19C8CD}.Profile|Win32.Build.0 = Release|Win32
		{C54CC920-C5D6-4CF5-809B-CFAB3D19C8CD}.Release|Win32.ActiveCfg = Release|Win32
		{C54CC920-C5D6-4CF5-809B-CFAB3D19C8CD}.Release|Win32.Build.0 = Release|Win32
		{F750F4CB-EC64-424F-9764-2E6D553A9C5F}.Debug|Win32.ActiveCfg = Debug|Win32
		{F750F4CB-EC64-424F-9764-2E6D553A9C5F}.Debug|Win32.Build.0 = Debug|Win32
		{F750F4CB-EC64-424F-9764-2E6D553A9C5F}.Full Debug|Win32.ActiveCfg = Debug|Win32
		{F750F4CB-EC64-424F-9764-2E6D553A9C5F}.Full Debug|Win32.Build.0 = Debug|Win32
		{F750F4CB-EC64-424F-9764-2E6D553A9C5F}.Profile|Win32.ActiveCfg = Release|Win32
		{F750F4CB-EC64-424F-9764-2E6D553A9C5F}.Profile|Win32.Build.0 = Release|Win32
		{F750F4CB-EC64-424F-9764-2E6D553A9C5F}.Release|Win32.ActiveCfg = Release|Win32
		{F750F4CB-EC64-424F-9764-2E6D553A9C5F}.Release|Win32.Build.0 = Release|Win32
		{A6741F6E-5476-4F9F-9D65-62B54AAF1D08}.Debug|Win32.ActiveCfg = Debug|Win32
		{A6741F6E-5476-4F9F-9D65-62B54AAF1D08}.Debug|Win32.Build.0 = Debug|Win32
		{A6741F6E-5476-4F9F-9D65-62B54AAF1D08}.Full Debug|Win32.ActiveCfg = Full Debug|Win32
		{A6741F6E-5476-4F9F-9D65-62B54AAF1D08}.Full Debug|Win32.Build.0 = Full Debug|Win32
		{A6741F6E-5476-4F9F-9D65-62B54AAF1D08}.Profile|Win32.ActiveCfg = Profile|Win32
		{A6741F6E-5476-4F9F-9D65-62B54AAF1D08}.Profile|Win32.Build.0 = Profile|Win32
		{A6741F6E-5476-4F9F-9D65-62B54AAF1D08}.Release|Win32.ActiveCfg = Profile|Win32
		{A6741F6E-5476-4F9F-9D65-62B54AAF1D08}.Release|Win32.Build.0 = Profile|Win32
	EndGlobalSection
	GlobalSection(SolutionProperties) = preSolution
		HideSolutionNode = FALSE
	EndGlobalSection
EndGlobal
